// !$*UTF8*$!
{
	archiveVersion = 1;
	classes = {
	};
	objectVersion = 46;
	objects = {

/* Begin PBXBuildFile section */
		6E0F8698EEC0484C9A3F1E30 /* libPods.a in Frameworks */ = {isa = PBXBuildFile; fileRef = 3F3D34ACD2F74548A92E2C69 /* libPods.a */; };
		C807F0FD16F1B74500364599 /* 57x57.png in Resources */ = {isa = PBXBuildFile; fileRef = C807F0FB16F1B74500364599 /* 57x57.png */; };
		C807F0FE16F1B74500364599 /* 114x114.png in Resources */ = {isa = PBXBuildFile; fileRef = C807F0FC16F1B74500364599 /* 114x114.png */; };
		C807F10116F1B7C100364599 /* iphone4.mp4 in Resources */ = {isa = PBXBuildFile; fileRef = C807F0FF16F1B7C100364599 /* iphone4.mp4 */; };
		C807F10216F1B7C100364599 /* iphone5.mp4 in Resources */ = {isa = PBXBuildFile; fileRef = C807F10016F1B7C100364599 /* iphone5.mp4 */; };
		C807F10B16F1B8B100364599 /* MediaPlayer.framework in Frameworks */ = {isa = PBXBuildFile; fileRef = C807F10A16F1B8B100364599 /* MediaPlayer.framework */; };
		C819A4EE16D5E3B500CA2A24 /* Twitter.framework in Frameworks */ = {isa = PBXBuildFile; fileRef = C819A4ED16D5E3B500CA2A24 /* Twitter.framework */; };
		C819A4F116D5F3E500CA2A24 /* FacebookSDK.framework in Frameworks */ = {isa = PBXBuildFile; fileRef = C819A4F016D5F3E500CA2A24 /* FacebookSDK.framework */; };
		C819A4FC16D5F4C300CA2A24 /* FacebookSDKResources.bundle in Resources */ = {isa = PBXBuildFile; fileRef = C819A4FB16D5F4C300CA2A24 /* FacebookSDKResources.bundle */; };
		C819A4FE16D5F4DE00CA2A24 /* Accounts.framework in Frameworks */ = {isa = PBXBuildFile; fileRef = C819A4FD16D5F4DE00CA2A24 /* Accounts.framework */; settings = {ATTRIBUTES = (Weak, ); }; };
		C819A50016D5F4EA00CA2A24 /* AdSupport.framework in Frameworks */ = {isa = PBXBuildFile; fileRef = C819A4FF16D5F4EA00CA2A24 /* AdSupport.framework */; settings = {ATTRIBUTES = (Weak, ); }; };
		C819A50216D5F4FB00CA2A24 /* Social.framework in Frameworks */ = {isa = PBXBuildFile; fileRef = C819A50116D5F4FB00CA2A24 /* Social.framework */; settings = {ATTRIBUTES = (Weak, ); }; };
		C819A50B16D605FD00CA2A24 /* SVProgressHUD.bundle in Resources */ = {isa = PBXBuildFile; fileRef = C819A50816D605FD00CA2A24 /* SVProgressHUD.bundle */; };
		C819A50C16D605FD00CA2A24 /* SVProgressHUD.m in Sources */ = {isa = PBXBuildFile; fileRef = C819A50A16D605FD00CA2A24 /* SVProgressHUD.m */; };
		C819A52A16D61C6200CA2A24 /* FBUserSettingsViewResources.bundle in Resources */ = {isa = PBXBuildFile; fileRef = C819A52916D61C6200CA2A24 /* FBUserSettingsViewResources.bundle */; };
		C819A52D16D61E6900CA2A24 /* facebookLoginViewController.m in Sources */ = {isa = PBXBuildFile; fileRef = C819A52C16D61E6800CA2A24 /* facebookLoginViewController.m */; };
		C82A1F1B1738BD2A00156E46 /* shake3.mp3 in Resources */ = {isa = PBXBuildFile; fileRef = C82A1F041738BD2A00156E46 /* shake3.mp3 */; };
		C82A1F1C1738BD2A00156E46 /* shake4.mp3 in Resources */ = {isa = PBXBuildFile; fileRef = C82A1F051738BD2A00156E46 /* shake4.mp3 */; };
		C82A1F1D1738BD2A00156E46 /* shake5.mp3 in Resources */ = {isa = PBXBuildFile; fileRef = C82A1F061738BD2A00156E46 /* shake5.mp3 */; };
		C82A1F1E1738BD2A00156E46 /* shake6.mp3 in Resources */ = {isa = PBXBuildFile; fileRef = C82A1F071738BD2A00156E46 /* shake6.mp3 */; };
		C82A1F1F1738BD2A00156E46 /* shake7.mp3 in Resources */ = {isa = PBXBuildFile; fileRef = C82A1F081738BD2A00156E46 /* shake7.mp3 */; };
		C82A1F201738BD2A00156E46 /* shake8.mp3 in Resources */ = {isa = PBXBuildFile; fileRef = C82A1F091738BD2A00156E46 /* shake8.mp3 */; };
		C82A1F211738BD2A00156E46 /* shake9.mp3 in Resources */ = {isa = PBXBuildFile; fileRef = C82A1F0A1738BD2A00156E46 /* shake9.mp3 */; };
		C82A1F221738BD2A00156E46 /* shake10.mp3 in Resources */ = {isa = PBXBuildFile; fileRef = C82A1F0B1738BD2A00156E46 /* shake10.mp3 */; };
		C82A1F231738BD2A00156E46 /* shake11.mp3 in Resources */ = {isa = PBXBuildFile; fileRef = C82A1F0C1738BD2A00156E46 /* shake11.mp3 */; };
		C82A1F241738BD2A00156E46 /* shake12.mp3 in Resources */ = {isa = PBXBuildFile; fileRef = C82A1F0D1738BD2A00156E46 /* shake12.mp3 */; };
		C82A1F251738BD2A00156E46 /* shake13.mp3 in Resources */ = {isa = PBXBuildFile; fileRef = C82A1F0E1738BD2A00156E46 /* shake13.mp3 */; };
		C82A1F261738BD2A00156E46 /* shake14.mp3 in Resources */ = {isa = PBXBuildFile; fileRef = C82A1F0F1738BD2A00156E46 /* shake14.mp3 */; };
		C82A1F271738BD2A00156E46 /* shake15.mp3 in Resources */ = {isa = PBXBuildFile; fileRef = C82A1F101738BD2A00156E46 /* shake15.mp3 */; };
		C82A1F281738BD2A00156E46 /* shake16.mp3 in Resources */ = {isa = PBXBuildFile; fileRef = C82A1F111738BD2A00156E46 /* shake16.mp3 */; };
		C82A1F291738BD2A00156E46 /* shake17.mp3 in Resources */ = {isa = PBXBuildFile; fileRef = C82A1F121738BD2A00156E46 /* shake17.mp3 */; };
		C82A1F2A1738BD2A00156E46 /* shake18.mp3 in Resources */ = {isa = PBXBuildFile; fileRef = C82A1F131738BD2A00156E46 /* shake18.mp3 */; };
		C82A1F2B1738BD2A00156E46 /* shake19.mp3 in Resources */ = {isa = PBXBuildFile; fileRef = C82A1F141738BD2A00156E46 /* shake19.mp3 */; };
		C82A1F2C1738BD2A00156E46 /* shake20.mp3 in Resources */ = {isa = PBXBuildFile; fileRef = C82A1F151738BD2A00156E46 /* shake20.mp3 */; };
		C82A1F2D1738BD2A00156E46 /* shake21.mp3 in Resources */ = {isa = PBXBuildFile; fileRef = C82A1F161738BD2A00156E46 /* shake21.mp3 */; };
		C82A1F2E1738BD2A00156E46 /* shake22.mp3 in Resources */ = {isa = PBXBuildFile; fileRef = C82A1F171738BD2A00156E46 /* shake22.mp3 */; };
		C82A1F2F1738BD2A00156E46 /* shake23.mp3 in Resources */ = {isa = PBXBuildFile; fileRef = C82A1F181738BD2A00156E46 /* shake23.mp3 */; };
		C82A1F301738BD2A00156E46 /* shake24.mp3 in Resources */ = {isa = PBXBuildFile; fileRef = C82A1F191738BD2A00156E46 /* shake24.mp3 */; };
		C82A1F311738BD2A00156E46 /* shake25.mp3 in Resources */ = {isa = PBXBuildFile; fileRef = C82A1F1A1738BD2A00156E46 /* shake25.mp3 */; };
		C82A1F371738EE7800156E46 /* orange_juice.ttf in Resources */ = {isa = PBXBuildFile; fileRef = C82A1F361738EE7800156E46 /* orange_juice.ttf */; };
		C82A1F3C1738FA9600156E46 /* timer_done_iphone5_on.png in Resources */ = {isa = PBXBuildFile; fileRef = C82A1F381738FA9600156E46 /* timer_done_iphone5_on.png */; };
		C82A1F3D1738FA9600156E46 /* timer_done_iphone5_on@2x.png in Resources */ = {isa = PBXBuildFile; fileRef = C82A1F391738FA9600156E46 /* timer_done_iphone5_on@2x.png */; };
		C82A1F3E1738FA9600156E46 /* timer_done_iphone5.png in Resources */ = {isa = PBXBuildFile; fileRef = C82A1F3A1738FA9600156E46 /* timer_done_iphone5.png */; };
		C82A1F3F1738FA9600156E46 /* timer_done_iphone5@2x.png in Resources */ = {isa = PBXBuildFile; fileRef = C82A1F3B1738FA9600156E46 /* timer_done_iphone5@2x.png */; };
		C839E47B173A3AB400CB0FF0 /* share_iphone4.png in Resources */ = {isa = PBXBuildFile; fileRef = C839E477173A3AB000CB0FF0 /* share_iphone4.png */; };
		C839E47C173A3AB400CB0FF0 /* share_iphone4@2x.png in Resources */ = {isa = PBXBuildFile; fileRef = C839E478173A3AB100CB0FF0 /* share_iphone4@2x.png */; };
		C839E47D173A3AB400CB0FF0 /* share_back_iphone4@2x.png in Resources */ = {isa = PBXBuildFile; fileRef = C839E479173A3AB200CB0FF0 /* share_back_iphone4@2x.png */; };
		C839E47E173A3AB400CB0FF0 /* share_back_iphone4.png in Resources */ = {isa = PBXBuildFile; fileRef = C839E47A173A3AB300CB0FF0 /* share_back_iphone4.png */; };
		C839E483173A4F4200CB0FF0 /* instagram@2x.png in Resources */ = {isa = PBXBuildFile; fileRef = C839E47F173A4F3E00CB0FF0 /* instagram@2x.png */; };
		C839E484173A4F4200CB0FF0 /* instagram.png in Resources */ = {isa = PBXBuildFile; fileRef = C839E480173A4F3F00CB0FF0 /* instagram.png */; };
		C839E485173A4F4200CB0FF0 /* instagram_on.png in Resources */ = {isa = PBXBuildFile; fileRef = C839E481173A4F4000CB0FF0 /* instagram_on.png */; };
		C839E486173A4F4200CB0FF0 /* instagram_on@2x.png in Resources */ = {isa = PBXBuildFile; fileRef = C839E482173A4F4100CB0FF0 /* instagram_on@2x.png */; };
		C84B4A0D1706C5640041C979 /* MessageUI.framework in Frameworks */ = {isa = PBXBuildFile; fileRef = C84B4A0C1706C5640041C979 /* MessageUI.framework */; };
		C8610B3A17059CA8008462C6 /* DirectionMPMoviePlayerViewController.m in Sources */ = {isa = PBXBuildFile; fileRef = C8610B3817059CA8008462C6 /* DirectionMPMoviePlayerViewController.m */; };
		C86FD20316D3704000CB4898 /* UIKit.framework in Frameworks */ = {isa = PBXBuildFile; fileRef = C86FD20216D3704000CB4898 /* UIKit.framework */; };
		C86FD20516D3704000CB4898 /* Foundation.framework in Frameworks */ = {isa = PBXBuildFile; fileRef = C86FD20416D3704000CB4898 /* Foundation.framework */; };
		C86FD20716D3704000CB4898 /* CoreGraphics.framework in Frameworks */ = {isa = PBXBuildFile; fileRef = C86FD20616D3704000CB4898 /* CoreGraphics.framework */; };
		C86FD20D16D3704000CB4898 /* InfoPlist.strings in Resources */ = {isa = PBXBuildFile; fileRef = C86FD20B16D3704000CB4898 /* InfoPlist.strings */; };
		C86FD20F16D3704000CB4898 /* main.m in Sources */ = {isa = PBXBuildFile; fileRef = C86FD20E16D3704000CB4898 /* main.m */; };
		C86FD21316D3704000CB4898 /* emotoAppDelegate.m in Sources */ = {isa = PBXBuildFile; fileRef = C86FD21216D3704000CB4898 /* emotoAppDelegate.m */; };
		C86FD21516D3704000CB4898 /* Default.png in Resources */ = {isa = PBXBuildFile; fileRef = C86FD21416D3704000CB4898 /* Default.png */; };
		C86FD21716D3704000CB4898 /* Default@2x.png in Resources */ = {isa = PBXBuildFile; fileRef = C86FD21616D3704000CB4898 /* Default@2x.png */; };
		C86FD21916D3704000CB4898 /* Default-568h@2x.png in Resources */ = {isa = PBXBuildFile; fileRef = C86FD21816D3704000CB4898 /* Default-568h@2x.png */; };
		C86FD21C16D3704000CB4898 /* MainStoryboard.storyboard in Resources */ = {isa = PBXBuildFile; fileRef = C86FD21A16D3704000CB4898 /* MainStoryboard.storyboard */; };
		C86FD21F16D3704000CB4898 /* emotoViewController.m in Sources */ = {isa = PBXBuildFile; fileRef = C86FD21E16D3704000CB4898 /* emotoViewController.m */; };
		C86FD22B16D3728800CB4898 /* PhotoViewController.m in Sources */ = {isa = PBXBuildFile; fileRef = C86FD22A16D3728800CB4898 /* PhotoViewController.m */; };
		C86FD22D16D372BD00CB4898 /* AssetsLibrary.framework in Frameworks */ = {isa = PBXBuildFile; fileRef = C86FD22C16D372BD00CB4898 /* AssetsLibrary.framework */; };
		C86FD22F16D372C400CB4898 /* CoreVideo.framework in Frameworks */ = {isa = PBXBuildFile; fileRef = C86FD22E16D372C400CB4898 /* CoreVideo.framework */; };
		C86FD23116D372CE00CB4898 /* CoreMedia.framework in Frameworks */ = {isa = PBXBuildFile; fileRef = C86FD23016D372CE00CB4898 /* CoreMedia.framework */; };
		C86FD23316D372D500CB4898 /* QuartzCore.framework in Frameworks */ = {isa = PBXBuildFile; fileRef = C86FD23216D372D500CB4898 /* QuartzCore.framework */; };
		C86FD23516D372DA00CB4898 /* AVFoundation.framework in Frameworks */ = {isa = PBXBuildFile; fileRef = C86FD23416D372DA00CB4898 /* AVFoundation.framework */; };
		C86FD23716D372DF00CB4898 /* ImageIO.framework in Frameworks */ = {isa = PBXBuildFile; fileRef = C86FD23616D372DF00CB4898 /* ImageIO.framework */; };
		C86FD23B16D372FE00CB4898 /* ALAssetsLibrary+CustomPhotoAlbum.m in Sources */ = {isa = PBXBuildFile; fileRef = C86FD23A16D372FE00CB4898 /* ALAssetsLibrary+CustomPhotoAlbum.m */; };
		C86FD23F16D3732F00CB4898 /* CameraImageHelper.m in Sources */ = {isa = PBXBuildFile; fileRef = C86FD23E16D3732F00CB4898 /* CameraImageHelper.m */; settings = {COMPILER_FLAGS = "-fno-objc-arc"; }; };
		C8722AEF16FC6A6B000FD6F1 /* action.plist in Resources */ = {isa = PBXBuildFile; fileRef = C8722AEE16FC6A6B000FD6F1 /* action.plist */; };
		C88187EE1715229E000FB522 /* hint.ttf in Resources */ = {isa = PBXBuildFile; fileRef = C88187ED1715229E000FB522 /* hint.ttf */; };
		C88187F317152B73000FB522 /* goback.png in Resources */ = {isa = PBXBuildFile; fileRef = C88187EF17152B73000FB522 /* goback.png */; };
		C88187F417152B73000FB522 /* goback@2x.png in Resources */ = {isa = PBXBuildFile; fileRef = C88187F017152B73000FB522 /* goback@2x.png */; };
		C88187F517152B73000FB522 /* play.png in Resources */ = {isa = PBXBuildFile; fileRef = C88187F117152B73000FB522 /* play.png */; };
		C88187F617152B73000FB522 /* play@2x.png in Resources */ = {isa = PBXBuildFile; fileRef = C88187F217152B73000FB522 /* play@2x.png */; };
		C8AE391E1713FD09000D62E8 /* back.png in Resources */ = {isa = PBXBuildFile; fileRef = C8AE39041713FD09000D62E8 /* back.png */; };
		C8AE391F1713FD09000D62E8 /* back@2x.png in Resources */ = {isa = PBXBuildFile; fileRef = C8AE39051713FD09000D62E8 /* back@2x.png */; };
		C8AE39201713FD09000D62E8 /* email-h.png in Resources */ = {isa = PBXBuildFile; fileRef = C8AE39061713FD09000D62E8 /* email-h.png */; };
		C8AE39211713FD09000D62E8 /* email-h@2x.png in Resources */ = {isa = PBXBuildFile; fileRef = C8AE39071713FD09000D62E8 /* email-h@2x.png */; };
		C8AE39221713FD09000D62E8 /* email.png in Resources */ = {isa = PBXBuildFile; fileRef = C8AE39081713FD09000D62E8 /* email.png */; };
		C8AE39231713FD09000D62E8 /* email@2x.png in Resources */ = {isa = PBXBuildFile; fileRef = C8AE39091713FD09000D62E8 /* email@2x.png */; };
		C8AE39241713FD09000D62E8 /* facebook-h.png in Resources */ = {isa = PBXBuildFile; fileRef = C8AE390A1713FD09000D62E8 /* facebook-h.png */; };
		C8AE39251713FD09000D62E8 /* facebook-h@2x.png in Resources */ = {isa = PBXBuildFile; fileRef = C8AE390B1713FD09000D62E8 /* facebook-h@2x.png */; };
		C8AE39261713FD09000D62E8 /* facebook.png in Resources */ = {isa = PBXBuildFile; fileRef = C8AE390C1713FD09000D62E8 /* facebook.png */; };
		C8AE39271713FD09000D62E8 /* facebook@2x.png in Resources */ = {isa = PBXBuildFile; fileRef = C8AE390D1713FD09000D62E8 /* facebook@2x.png */; };
		C8AE39281713FD09000D62E8 /* go.png in Resources */ = {isa = PBXBuildFile; fileRef = C8AE390E1713FD09000D62E8 /* go.png */; };
		C8AE39291713FD09000D62E8 /* go@2x.png in Resources */ = {isa = PBXBuildFile; fileRef = C8AE390F1713FD09000D62E8 /* go@2x.png */; };
		C8AE392A1713FD09000D62E8 /* msg.png in Resources */ = {isa = PBXBuildFile; fileRef = C8AE39101713FD09000D62E8 /* msg.png */; };
		C8AE392B1713FD09000D62E8 /* msg@2x.png in Resources */ = {isa = PBXBuildFile; fileRef = C8AE39111713FD09000D62E8 /* msg@2x.png */; };
		C8AE392C1713FD09000D62E8 /* nav.png in Resources */ = {isa = PBXBuildFile; fileRef = C8AE39121713FD09000D62E8 /* nav.png */; };
		C8AE392D1713FD09000D62E8 /* nav@2x.png in Resources */ = {isa = PBXBuildFile; fileRef = C8AE39131713FD09000D62E8 /* nav@2x.png */; };
		C8AE392E1713FD09000D62E8 /* sharelogo.png in Resources */ = {isa = PBXBuildFile; fileRef = C8AE39141713FD09000D62E8 /* sharelogo.png */; };
		C8AE392F1713FD09000D62E8 /* sharelogo@2x.png in Resources */ = {isa = PBXBuildFile; fileRef = C8AE39151713FD09000D62E8 /* sharelogo@2x.png */; };
		C8AE39301713FD09000D62E8 /* tumblr-h.png in Resources */ = {isa = PBXBuildFile; fileRef = C8AE39161713FD09000D62E8 /* tumblr-h.png */; };
		C8AE39311713FD09000D62E8 /* tumblr-h@2x.png in Resources */ = {isa = PBXBuildFile; fileRef = C8AE39171713FD09000D62E8 /* tumblr-h@2x.png */; };
		C8AE39321713FD09000D62E8 /* tumblr.png in Resources */ = {isa = PBXBuildFile; fileRef = C8AE39181713FD09000D62E8 /* tumblr.png */; };
		C8AE39331713FD09000D62E8 /* tumblr@2x.png in Resources */ = {isa = PBXBuildFile; fileRef = C8AE39191713FD09000D62E8 /* tumblr@2x.png */; };
		C8AE39341713FD09000D62E8 /* twitter-h.png in Resources */ = {isa = PBXBuildFile; fileRef = C8AE391A1713FD09000D62E8 /* twitter-h.png */; };
		C8AE39351713FD09000D62E8 /* twitter-h@2x.png in Resources */ = {isa = PBXBuildFile; fileRef = C8AE391B1713FD09000D62E8 /* twitter-h@2x.png */; };
		C8AE39361713FD09000D62E8 /* twitter.png in Resources */ = {isa = PBXBuildFile; fileRef = C8AE391C1713FD09000D62E8 /* twitter.png */; };
		C8AE39371713FD09000D62E8 /* twitter@2x.png in Resources */ = {isa = PBXBuildFile; fileRef = C8AE391D1713FD09000D62E8 /* twitter@2x.png */; };
		C8AE393A1714436F000D62E8 /* PreViewController.m in Sources */ = {isa = PBXBuildFile; fileRef = C8AE39391714436E000D62E8 /* PreViewController.m */; };
		C8C0383E16F33C23009A1E80 /* album.png in Resources */ = {isa = PBXBuildFile; fileRef = C8C0383016F33C23009A1E80 /* album.png */; };
		C8C0383F16F33C23009A1E80 /* album@2x.png in Resources */ = {isa = PBXBuildFile; fileRef = C8C0383116F33C23009A1E80 /* album@2x.png */; };
		C8C0384016F33C23009A1E80 /* changecarmer.png in Resources */ = {isa = PBXBuildFile; fileRef = C8C0383216F33C23009A1E80 /* changecarmer.png */; };
		C8C0384116F33C23009A1E80 /* changecarmer@2x.png in Resources */ = {isa = PBXBuildFile; fileRef = C8C0383316F33C23009A1E80 /* changecarmer@2x.png */; };
		C8C0384216F33C23009A1E80 /* flash.png in Resources */ = {isa = PBXBuildFile; fileRef = C8C0383416F33C23009A1E80 /* flash.png */; };
		C8C0384316F33C23009A1E80 /* flash@2x.png in Resources */ = {isa = PBXBuildFile; fileRef = C8C0383516F33C23009A1E80 /* flash@2x.png */; };
		C8C0384416F33C23009A1E80 /* hint.png in Resources */ = {isa = PBXBuildFile; fileRef = C8C0383616F33C23009A1E80 /* hint.png */; };
		C8C0384516F33C23009A1E80 /* hint@2x.png in Resources */ = {isa = PBXBuildFile; fileRef = C8C0383716F33C23009A1E80 /* hint@2x.png */; };
		C8C0384616F33C23009A1E80 /* rihtbg.png in Resources */ = {isa = PBXBuildFile; fileRef = C8C0383816F33C23009A1E80 /* rihtbg.png */; };
		C8C0384716F33C23009A1E80 /* rihtbg@2x.png in Resources */ = {isa = PBXBuildFile; fileRef = C8C0383916F33C23009A1E80 /* rihtbg@2x.png */; };
		C8C0384816F33C23009A1E80 /* settings.png in Resources */ = {isa = PBXBuildFile; fileRef = C8C0383A16F33C23009A1E80 /* settings.png */; };
		C8C0384916F33C23009A1E80 /* settings@2x.png in Resources */ = {isa = PBXBuildFile; fileRef = C8C0383B16F33C23009A1E80 /* settings@2x.png */; };
		C8C0384A16F33C23009A1E80 /* shootBTN.png in Resources */ = {isa = PBXBuildFile; fileRef = C8C0383C16F33C23009A1E80 /* shootBTN.png */; };
		C8C0384B16F33C23009A1E80 /* shootBTN@2x.png in Resources */ = {isa = PBXBuildFile; fileRef = C8C0383D16F33C23009A1E80 /* shootBTN@2x.png */; };
		C8C03F1016F7246A00EA401B /* auto.png in Resources */ = {isa = PBXBuildFile; fileRef = C8C03F0E16F7246A00EA401B /* auto.png */; };
		C8C03F1116F7246A00EA401B /* auto@2x.png in Resources */ = {isa = PBXBuildFile; fileRef = C8C03F0F16F7246A00EA401B /* auto@2x.png */; };
		C8C03F1516F7247400EA401B /* flashsettings.png in Resources */ = {isa = PBXBuildFile; fileRef = C8C03F1316F7247400EA401B /* flashsettings.png */; };
		C8C03F1616F7247400EA401B /* flashsettings@2x.png in Resources */ = {isa = PBXBuildFile; fileRef = C8C03F1416F7247400EA401B /* flashsettings@2x.png */; };
		C8C03F1B16F7247B00EA401B /* off.png in Resources */ = {isa = PBXBuildFile; fileRef = C8C03F1716F7247B00EA401B /* off.png */; };
		C8C03F1C16F7247B00EA401B /* off@2x.png in Resources */ = {isa = PBXBuildFile; fileRef = C8C03F1816F7247B00EA401B /* off@2x.png */; };
		C8C03F1D16F7247B00EA401B /* on.png in Resources */ = {isa = PBXBuildFile; fileRef = C8C03F1916F7247B00EA401B /* on.png */; };
		C8C03F1E16F7247B00EA401B /* on@2x.png in Resources */ = {isa = PBXBuildFile; fileRef = C8C03F1A16F7247B00EA401B /* on@2x.png */; };
		C8C03F2516F8756D00EA401B /* timeroff.png in Resources */ = {isa = PBXBuildFile; fileRef = C8C03F1F16F8756D00EA401B /* timeroff.png */; };
		C8C03F2616F8756D00EA401B /* timeroff@2x.png in Resources */ = {isa = PBXBuildFile; fileRef = C8C03F2016F8756D00EA401B /* timeroff@2x.png */; };
		C8C03F2716F8756D00EA401B /* timeron.png in Resources */ = {isa = PBXBuildFile; fileRef = C8C03F2116F8756D00EA401B /* timeron.png */; };
		C8C03F2816F8756D00EA401B /* timeron@2x.png in Resources */ = {isa = PBXBuildFile; fileRef = C8C03F2216F8756D00EA401B /* timeron@2x.png */; };
		C8C03F2916F8756D00EA401B /* timerpoint.png in Resources */ = {isa = PBXBuildFile; fileRef = C8C03F2316F8756D00EA401B /* timerpoint.png */; };
		C8C03F2A16F8756D00EA401B /* timerpoint@2x.png in Resources */ = {isa = PBXBuildFile; fileRef = C8C03F2416F8756D00EA401B /* timerpoint@2x.png */; };
		C8C03F3416F87BD000EA401B /* tm.png in Resources */ = {isa = PBXBuildFile; fileRef = C8C03F3316F87BD000EA401B /* tm.png */; };
		C8C1A20D1721665500D113BC /* UIPlaceHolderTextView.m in Sources */ = {isa = PBXBuildFile; fileRef = C8C1A20C1721665500D113BC /* UIPlaceHolderTextView.m */; settings = {COMPILER_FLAGS = "-fno-objc-arc"; }; };
		C8C1A211172168E600D113BC /* shake2.mp3 in Resources */ = {isa = PBXBuildFile; fileRef = C8C1A20E172168E600D113BC /* shake2.mp3 */; };
		C8C1A212172168E600D113BC /* shake1.mp3 in Resources */ = {isa = PBXBuildFile; fileRef = C8C1A20F172168E600D113BC /* shake1.mp3 */; };
		C8C1A213172168E600D113BC /* shake0.mp3 in Resources */ = {isa = PBXBuildFile; fileRef = C8C1A210172168E600D113BC /* shake0.mp3 */; };
		C8C73BF11704460500FF3313 /* VerticallyAlignedLabel.m in Sources */ = {isa = PBXBuildFile; fileRef = C8C73BF01704460400FF3313 /* VerticallyAlignedLabel.m */; };
		C8C73BF517046A0500FF3313 /* emotoPhotoNavigation.m in Sources */ = {isa = PBXBuildFile; fileRef = C8C73BF417046A0500FF3313 /* emotoPhotoNavigation.m */; };
		C8F86EC417156BDA00C8DB65 /* AudioToolbox.framework in Frameworks */ = {isa = PBXBuildFile; fileRef = C8F86EC317156BDA00C8DB65 /* AudioToolbox.framework */; };
		C8F86EC71715889D00C8DB65 /* TumblrUploadr.m in Sources */ = {isa = PBXBuildFile; fileRef = C8F86EC61715889D00C8DB65 /* TumblrUploadr.m */; settings = {COMPILER_FLAGS = "-fno-objc-arc"; }; };
		C8F86ECD17158A7600C8DB65 /* NSString+URLEncode.m in Sources */ = {isa = PBXBuildFile; fileRef = C8F86ECC17158A7600C8DB65 /* NSString+URLEncode.m */; settings = {COMPILER_FLAGS = "-fno-objc-arc"; }; };
		C8F86ED017158B0D00C8DB65 /* NSData+URLEncode.m in Sources */ = {isa = PBXBuildFile; fileRef = C8F86ECF17158B0D00C8DB65 /* NSData+URLEncode.m */; settings = {COMPILER_FLAGS = "-fno-objc-arc"; }; };
		C8F86ED31716B70C00C8DB65 /* CycleScrollView.m in Sources */ = {isa = PBXBuildFile; fileRef = C8F86ED21716B70B00C8DB65 /* CycleScrollView.m */; };
/* End PBXBuildFile section */

/* Begin PBXFileReference section */
		3F3D34ACD2F74548A92E2C69 /* libPods.a */ = {isa = PBXFileReference; explicitFileType = archive.ar; includeInIndex = 0; path = libPods.a; sourceTree = BUILT_PRODUCTS_DIR; };
		A00D85F5DD7243CD846C997E /* Pods.xcconfig */ = {isa = PBXFileReference; includeInIndex = 1; lastKnownFileType = text.xcconfig; name = Pods.xcconfig; path = Pods/Pods.xcconfig; sourceTree = SOURCE_ROOT; };
		C807F0FB16F1B74500364599 /* 57x57.png */ = {isa = PBXFileReference; lastKnownFileType = image.png; path = 57x57.png; sourceTree = "<group>"; };
		C807F0FC16F1B74500364599 /* 114x114.png */ = {isa = PBXFileReference; lastKnownFileType = image.png; path = 114x114.png; sourceTree = "<group>"; };
		C807F0FF16F1B7C100364599 /* iphone4.mp4 */ = {isa = PBXFileReference; lastKnownFileType = file; path = iphone4.mp4; sourceTree = "<group>"; };
		C807F10016F1B7C100364599 /* iphone5.mp4 */ = {isa = PBXFileReference; lastKnownFileType = file; path = iphone5.mp4; sourceTree = "<group>"; };
		C807F10A16F1B8B100364599 /* MediaPlayer.framework */ = {isa = PBXFileReference; lastKnownFileType = wrapper.framework; name = MediaPlayer.framework; path = System/Library/Frameworks/MediaPlayer.framework; sourceTree = SDKROOT; };
		C819A4ED16D5E3B500CA2A24 /* Twitter.framework */ = {isa = PBXFileReference; lastKnownFileType = wrapper.framework; name = Twitter.framework; path = System/Library/Frameworks/Twitter.framework; sourceTree = SDKROOT; };
		C819A4F016D5F3E500CA2A24 /* FacebookSDK.framework */ = {isa = PBXFileReference; lastKnownFileType = wrapper.framework; path = FacebookSDK.framework; sourceTree = "<group>"; };
		C819A4FB16D5F4C300CA2A24 /* FacebookSDKResources.bundle */ = {isa = PBXFileReference; lastKnownFileType = "wrapper.plug-in"; path = FacebookSDKResources.bundle; sourceTree = "<group>"; };
		C819A4FD16D5F4DE00CA2A24 /* Accounts.framework */ = {isa = PBXFileReference; lastKnownFileType = wrapper.framework; name = Accounts.framework; path = System/Library/Frameworks/Accounts.framework; sourceTree = SDKROOT; };
		C819A4FF16D5F4EA00CA2A24 /* AdSupport.framework */ = {isa = PBXFileReference; lastKnownFileType = wrapper.framework; name = AdSupport.framework; path = System/Library/Frameworks/AdSupport.framework; sourceTree = SDKROOT; };
		C819A50116D5F4FB00CA2A24 /* Social.framework */ = {isa = PBXFileReference; lastKnownFileType = wrapper.framework; name = Social.framework; path = System/Library/Frameworks/Social.framework; sourceTree = SDKROOT; };
		C819A50816D605FD00CA2A24 /* SVProgressHUD.bundle */ = {isa = PBXFileReference; lastKnownFileType = "wrapper.plug-in"; path = SVProgressHUD.bundle; sourceTree = "<group>"; };
		C819A50916D605FD00CA2A24 /* SVProgressHUD.h */ = {isa = PBXFileReference; fileEncoding = 4; lastKnownFileType = sourcecode.c.h; path = SVProgressHUD.h; sourceTree = "<group>"; };
		C819A50A16D605FD00CA2A24 /* SVProgressHUD.m */ = {isa = PBXFileReference; fileEncoding = 4; lastKnownFileType = sourcecode.c.objc; path = SVProgressHUD.m; sourceTree = "<group>"; };
		C819A52916D61C6200CA2A24 /* FBUserSettingsViewResources.bundle */ = {isa = PBXFileReference; lastKnownFileType = "wrapper.plug-in"; path = FBUserSettingsViewResources.bundle; sourceTree = "<group>"; };
		C819A52B16D61E6800CA2A24 /* facebookLoginViewController.h */ = {isa = PBXFileReference; fileEncoding = 4; lastKnownFileType = sourcecode.c.h; name = facebookLoginViewController.h; path = ../facebookLoginViewController.h; sourceTree = "<group>"; };
		C819A52C16D61E6800CA2A24 /* facebookLoginViewController.m */ = {isa = PBXFileReference; fileEncoding = 4; lastKnownFileType = sourcecode.c.objc; name = facebookLoginViewController.m; path = ../facebookLoginViewController.m; sourceTree = "<group>"; };
		C82A1F041738BD2A00156E46 /* shake3.mp3 */ = {isa = PBXFileReference; lastKnownFileType = audio.mp3; path = shake3.mp3; sourceTree = "<group>"; };
		C82A1F051738BD2A00156E46 /* shake4.mp3 */ = {isa = PBXFileReference; lastKnownFileType = audio.mp3; path = shake4.mp3; sourceTree = "<group>"; };
		C82A1F061738BD2A00156E46 /* shake5.mp3 */ = {isa = PBXFileReference; lastKnownFileType = audio.mp3; path = shake5.mp3; sourceTree = "<group>"; };
		C82A1F071738BD2A00156E46 /* shake6.mp3 */ = {isa = PBXFileReference; lastKnownFileType = audio.mp3; path = shake6.mp3; sourceTree = "<group>"; };
		C82A1F081738BD2A00156E46 /* shake7.mp3 */ = {isa = PBXFileReference; lastKnownFileType = audio.mp3; path = shake7.mp3; sourceTree = "<group>"; };
		C82A1F091738BD2A00156E46 /* shake8.mp3 */ = {isa = PBXFileReference; lastKnownFileType = audio.mp3; path = shake8.mp3; sourceTree = "<group>"; };
		C82A1F0A1738BD2A00156E46 /* shake9.mp3 */ = {isa = PBXFileReference; lastKnownFileType = audio.mp3; path = shake9.mp3; sourceTree = "<group>"; };
		C82A1F0B1738BD2A00156E46 /* shake10.mp3 */ = {isa = PBXFileReference; lastKnownFileType = audio.mp3; path = shake10.mp3; sourceTree = "<group>"; };
		C82A1F0C1738BD2A00156E46 /* shake11.mp3 */ = {isa = PBXFileReference; lastKnownFileType = audio.mp3; path = shake11.mp3; sourceTree = "<group>"; };
		C82A1F0D1738BD2A00156E46 /* shake12.mp3 */ = {isa = PBXFileReference; lastKnownFileType = audio.mp3; path = shake12.mp3; sourceTree = "<group>"; };
		C82A1F0E1738BD2A00156E46 /* shake13.mp3 */ = {isa = PBXFileReference; lastKnownFileType = audio.mp3; path = shake13.mp3; sourceTree = "<group>"; };
		C82A1F0F1738BD2A00156E46 /* shake14.mp3 */ = {isa = PBXFileReference; lastKnownFileType = audio.mp3; path = shake14.mp3; sourceTree = "<group>"; };
		C82A1F101738BD2A00156E46 /* shake15.mp3 */ = {isa = PBXFileReference; lastKnownFileType = audio.mp3; path = shake15.mp3; sourceTree = "<group>"; };
		C82A1F111738BD2A00156E46 /* shake16.mp3 */ = {isa = PBXFileReference; lastKnownFileType = audio.mp3; path = shake16.mp3; sourceTree = "<group>"; };
		C82A1F121738BD2A00156E46 /* shake17.mp3 */ = {isa = PBXFileReference; lastKnownFileType = audio.mp3; path = shake17.mp3; sourceTree = "<group>"; };
		C82A1F131738BD2A00156E46 /* shake18.mp3 */ = {isa = PBXFileReference; lastKnownFileType = audio.mp3; path = shake18.mp3; sourceTree = "<group>"; };
		C82A1F141738BD2A00156E46 /* shake19.mp3 */ = {isa = PBXFileReference; lastKnownFileType = audio.mp3; path = shake19.mp3; sourceTree = "<group>"; };
		C82A1F151738BD2A00156E46 /* shake20.mp3 */ = {isa = PBXFileReference; lastKnownFileType = audio.mp3; path = shake20.mp3; sourceTree = "<group>"; };
		C82A1F161738BD2A00156E46 /* shake21.mp3 */ = {isa = PBXFileReference; lastKnownFileType = audio.mp3; path = shake21.mp3; sourceTree = "<group>"; };
		C82A1F171738BD2A00156E46 /* shake22.mp3 */ = {isa = PBXFileReference; lastKnownFileType = audio.mp3; path = shake22.mp3; sourceTree = "<group>"; };
		C82A1F181738BD2A00156E46 /* shake23.mp3 */ = {isa = PBXFileReference; lastKnownFileType = audio.mp3; path = shake23.mp3; sourceTree = "<group>"; };
		C82A1F191738BD2A00156E46 /* shake24.mp3 */ = {isa = PBXFileReference; lastKnownFileType = audio.mp3; path = shake24.mp3; sourceTree = "<group>"; };
		C82A1F1A1738BD2A00156E46 /* shake25.mp3 */ = {isa = PBXFileReference; lastKnownFileType = audio.mp3; path = shake25.mp3; sourceTree = "<group>"; };
		C82A1F361738EE7800156E46 /* orange_juice.ttf */ = {isa = PBXFileReference; lastKnownFileType = file; path = orange_juice.ttf; sourceTree = "<group>"; };
		C82A1F381738FA9600156E46 /* timer_done_iphone5_on.png */ = {isa = PBXFileReference; lastKnownFileType = image.png; path = timer_done_iphone5_on.png; sourceTree = "<group>"; };
		C82A1F391738FA9600156E46 /* timer_done_iphone5_on@2x.png */ = {isa = PBXFileReference; lastKnownFileType = image.png; path = "timer_done_iphone5_on@2x.png"; sourceTree = "<group>"; };
		C82A1F3A1738FA9600156E46 /* timer_done_iphone5.png */ = {isa = PBXFileReference; lastKnownFileType = image.png; path = timer_done_iphone5.png; sourceTree = "<group>"; };
		C82A1F3B1738FA9600156E46 /* timer_done_iphone5@2x.png */ = {isa = PBXFileReference; lastKnownFileType = image.png; path = "timer_done_iphone5@2x.png"; sourceTree = "<group>"; };
		C839E477173A3AB000CB0FF0 /* share_iphone4.png */ = {isa = PBXFileReference; lastKnownFileType = image.png; path = share_iphone4.png; sourceTree = "<group>"; };
		C839E478173A3AB100CB0FF0 /* share_iphone4@2x.png */ = {isa = PBXFileReference; lastKnownFileType = image.png; path = "share_iphone4@2x.png"; sourceTree = "<group>"; };
		C839E479173A3AB200CB0FF0 /* share_back_iphone4@2x.png */ = {isa = PBXFileReference; lastKnownFileType = image.png; path = "share_back_iphone4@2x.png"; sourceTree = "<group>"; };
		C839E47A173A3AB300CB0FF0 /* share_back_iphone4.png */ = {isa = PBXFileReference; lastKnownFileType = image.png; path = share_back_iphone4.png; sourceTree = "<group>"; };
		C839E47F173A4F3E00CB0FF0 /* instagram@2x.png */ = {isa = PBXFileReference; lastKnownFileType = image.png; path = "instagram@2x.png"; sourceTree = "<group>"; };
		C839E480173A4F3F00CB0FF0 /* instagram.png */ = {isa = PBXFileReference; lastKnownFileType = image.png; path = instagram.png; sourceTree = "<group>"; };
		C839E481173A4F4000CB0FF0 /* instagram_on.png */ = {isa = PBXFileReference; lastKnownFileType = image.png; path = instagram_on.png; sourceTree = "<group>"; };
		C839E482173A4F4100CB0FF0 /* instagram_on@2x.png */ = {isa = PBXFileReference; lastKnownFileType = image.png; path = "instagram_on@2x.png"; sourceTree = "<group>"; };
		C84B4A0C1706C5640041C979 /* MessageUI.framework */ = {isa = PBXFileReference; lastKnownFileType = wrapper.framework; name = MessageUI.framework; path = System/Library/Frameworks/MessageUI.framework; sourceTree = SDKROOT; };
		C8610B3817059CA8008462C6 /* DirectionMPMoviePlayerViewController.m */ = {isa = PBXFileReference; fileEncoding = 4; lastKnownFileType = sourcecode.c.objc; path = DirectionMPMoviePlayerViewController.m; sourceTree = "<group>"; };
		C8610B3917059CA8008462C6 /* DirectionMPMoviePlayerViewController.h */ = {isa = PBXFileReference; fileEncoding = 4; lastKnownFileType = sourcecode.c.h; path = DirectionMPMoviePlayerViewController.h; sourceTree = "<group>"; };
		C86FD1FE16D3704000CB4898 /* pixjam.app */ = {isa = PBXFileReference; explicitFileType = wrapper.application; includeInIndex = 0; path = pixjam.app; sourceTree = BUILT_PRODUCTS_DIR; };
		C86FD20216D3704000CB4898 /* UIKit.framework */ = {isa = PBXFileReference; lastKnownFileType = wrapper.framework; name = UIKit.framework; path = System/Library/Frameworks/UIKit.framework; sourceTree = SDKROOT; };
		C86FD20416D3704000CB4898 /* Foundation.framework */ = {isa = PBXFileReference; lastKnownFileType = wrapper.framework; name = Foundation.framework; path = System/Library/Frameworks/Foundation.framework; sourceTree = SDKROOT; };
		C86FD20616D3704000CB4898 /* CoreGraphics.framework */ = {isa = PBXFileReference; lastKnownFileType = wrapper.framework; name = CoreGraphics.framework; path = System/Library/Frameworks/CoreGraphics.framework; sourceTree = SDKROOT; };
		C86FD20A16D3704000CB4898 /* emoto-Info.plist */ = {isa = PBXFileReference; lastKnownFileType = text.plist.xml; path = "emoto-Info.plist"; sourceTree = "<group>"; };
		C86FD20C16D3704000CB4898 /* en */ = {isa = PBXFileReference; lastKnownFileType = text.plist.strings; name = en; path = en.lproj/InfoPlist.strings; sourceTree = "<group>"; };
		C86FD20E16D3704000CB4898 /* main.m */ = {isa = PBXFileReference; lastKnownFileType = sourcecode.c.objc; path = main.m; sourceTree = "<group>"; };
		C86FD21016D3704000CB4898 /* emoto-Prefix.pch */ = {isa = PBXFileReference; lastKnownFileType = sourcecode.c.h; path = "emoto-Prefix.pch"; sourceTree = "<group>"; };
		C86FD21116D3704000CB4898 /* emotoAppDelegate.h */ = {isa = PBXFileReference; lastKnownFileType = sourcecode.c.h; path = emotoAppDelegate.h; sourceTree = "<group>"; };
		C86FD21216D3704000CB4898 /* emotoAppDelegate.m */ = {isa = PBXFileReference; lastKnownFileType = sourcecode.c.objc; path = emotoAppDelegate.m; sourceTree = "<group>"; };
		C86FD21416D3704000CB4898 /* Default.png */ = {isa = PBXFileReference; lastKnownFileType = image.png; path = Default.png; sourceTree = "<group>"; };
		C86FD21616D3704000CB4898 /* Default@2x.png */ = {isa = PBXFileReference; lastKnownFileType = image.png; path = "Default@2x.png"; sourceTree = "<group>"; };
		C86FD21816D3704000CB4898 /* Default-568h@2x.png */ = {isa = PBXFileReference; lastKnownFileType = image.png; path = "Default-568h@2x.png"; sourceTree = "<group>"; };
		C86FD21B16D3704000CB4898 /* en */ = {isa = PBXFileReference; lastKnownFileType = file.storyboard; name = en; path = en.lproj/MainStoryboard.storyboard; sourceTree = "<group>"; };
		C86FD21D16D3704000CB4898 /* emotoViewController.h */ = {isa = PBXFileReference; lastKnownFileType = sourcecode.c.h; path = emotoViewController.h; sourceTree = "<group>"; };
		C86FD21E16D3704000CB4898 /* emotoViewController.m */ = {isa = PBXFileReference; lastKnownFileType = sourcecode.c.objc; path = emotoViewController.m; sourceTree = "<group>"; };
		C86FD22916D3728800CB4898 /* PhotoViewController.h */ = {isa = PBXFileReference; fileEncoding = 4; lastKnownFileType = sourcecode.c.h; path = PhotoViewController.h; sourceTree = "<group>"; };
		C86FD22A16D3728800CB4898 /* PhotoViewController.m */ = {isa = PBXFileReference; fileEncoding = 4; lastKnownFileType = sourcecode.c.objc; path = PhotoViewController.m; sourceTree = "<group>"; };
		C86FD22C16D372BD00CB4898 /* AssetsLibrary.framework */ = {isa = PBXFileReference; lastKnownFileType = wrapper.framework; name = AssetsLibrary.framework; path = System/Library/Frameworks/AssetsLibrary.framework; sourceTree = SDKROOT; };
		C86FD22E16D372C400CB4898 /* CoreVideo.framework */ = {isa = PBXFileReference; lastKnownFileType = wrapper.framework; name = CoreVideo.framework; path = System/Library/Frameworks/CoreVideo.framework; sourceTree = SDKROOT; };
		C86FD23016D372CE00CB4898 /* CoreMedia.framework */ = {isa = PBXFileReference; lastKnownFileType = wrapper.framework; name = CoreMedia.framework; path = System/Library/Frameworks/CoreMedia.framework; sourceTree = SDKROOT; };
		C86FD23216D372D500CB4898 /* QuartzCore.framework */ = {isa = PBXFileReference; lastKnownFileType = wrapper.framework; name = QuartzCore.framework; path = System/Library/Frameworks/QuartzCore.framework; sourceTree = SDKROOT; };
		C86FD23416D372DA00CB4898 /* AVFoundation.framework */ = {isa = PBXFileReference; lastKnownFileType = wrapper.framework; name = AVFoundation.framework; path = System/Library/Frameworks/AVFoundation.framework; sourceTree = SDKROOT; };
		C86FD23616D372DF00CB4898 /* ImageIO.framework */ = {isa = PBXFileReference; lastKnownFileType = wrapper.framework; name = ImageIO.framework; path = System/Library/Frameworks/ImageIO.framework; sourceTree = SDKROOT; };
		C86FD23916D372FE00CB4898 /* ALAssetsLibrary+CustomPhotoAlbum.h */ = {isa = PBXFileReference; fileEncoding = 4; lastKnownFileType = sourcecode.c.h; path = "ALAssetsLibrary+CustomPhotoAlbum.h"; sourceTree = "<group>"; };
		C86FD23A16D372FE00CB4898 /* ALAssetsLibrary+CustomPhotoAlbum.m */ = {isa = PBXFileReference; fileEncoding = 4; lastKnownFileType = sourcecode.c.objc; path = "ALAssetsLibrary+CustomPhotoAlbum.m"; sourceTree = "<group>"; };
		C86FD23D16D3732F00CB4898 /* CameraImageHelper.h */ = {isa = PBXFileReference; fileEncoding = 4; lastKnownFileType = sourcecode.c.h; path = CameraImageHelper.h; sourceTree = "<group>"; };
		C86FD23E16D3732F00CB4898 /* CameraImageHelper.m */ = {isa = PBXFileReference; fileEncoding = 4; lastKnownFileType = sourcecode.c.objc; path = CameraImageHelper.m; sourceTree = "<group>"; };
		C8722AEE16FC6A6B000FD6F1 /* action.plist */ = {isa = PBXFileReference; fileEncoding = 4; lastKnownFileType = text.plist.xml; path = action.plist; sourceTree = "<group>"; };
		C88187ED1715229E000FB522 /* hint.ttf */ = {isa = PBXFileReference; lastKnownFileType = file; path = hint.ttf; sourceTree = "<group>"; };
		C88187EF17152B73000FB522 /* goback.png */ = {isa = PBXFileReference; lastKnownFileType = image.png; path = goback.png; sourceTree = "<group>"; };
		C88187F017152B73000FB522 /* goback@2x.png */ = {isa = PBXFileReference; lastKnownFileType = image.png; path = "goback@2x.png"; sourceTree = "<group>"; };
		C88187F117152B73000FB522 /* play.png */ = {isa = PBXFileReference; lastKnownFileType = image.png; path = play.png; sourceTree = "<group>"; };
		C88187F217152B73000FB522 /* play@2x.png */ = {isa = PBXFileReference; lastKnownFileType = image.png; path = "play@2x.png"; sourceTree = "<group>"; };
		C8AE39041713FD09000D62E8 /* back.png */ = {isa = PBXFileReference; lastKnownFileType = image.png; path = back.png; sourceTree = "<group>"; };
		C8AE39051713FD09000D62E8 /* back@2x.png */ = {isa = PBXFileReference; lastKnownFileType = image.png; path = "back@2x.png"; sourceTree = "<group>"; };
		C8AE39061713FD09000D62E8 /* email-h.png */ = {isa = PBXFileReference; lastKnownFileType = image.png; path = "email-h.png"; sourceTree = "<group>"; };
		C8AE39071713FD09000D62E8 /* email-h@2x.png */ = {isa = PBXFileReference; lastKnownFileType = image.png; path = "email-h@2x.png"; sourceTree = "<group>"; };
		C8AE39081713FD09000D62E8 /* email.png */ = {isa = PBXFileReference; lastKnownFileType = image.png; path = email.png; sourceTree = "<group>"; };
		C8AE39091713FD09000D62E8 /* email@2x.png */ = {isa = PBXFileReference; lastKnownFileType = image.png; path = "email@2x.png"; sourceTree = "<group>"; };
		C8AE390A1713FD09000D62E8 /* facebook-h.png */ = {isa = PBXFileReference; lastKnownFileType = image.png; path = "facebook-h.png"; sourceTree = "<group>"; };
		C8AE390B1713FD09000D62E8 /* facebook-h@2x.png */ = {isa = PBXFileReference; lastKnownFileType = image.png; path = "facebook-h@2x.png"; sourceTree = "<group>"; };
		C8AE390C1713FD09000D62E8 /* facebook.png */ = {isa = PBXFileReference; lastKnownFileType = image.png; path = facebook.png; sourceTree = "<group>"; };
		C8AE390D1713FD09000D62E8 /* facebook@2x.png */ = {isa = PBXFileReference; lastKnownFileType = image.png; path = "facebook@2x.png"; sourceTree = "<group>"; };
		C8AE390E1713FD09000D62E8 /* go.png */ = {isa = PBXFileReference; lastKnownFileType = image.png; path = go.png; sourceTree = "<group>"; };
		C8AE390F1713FD09000D62E8 /* go@2x.png */ = {isa = PBXFileReference; lastKnownFileType = image.png; path = "go@2x.png"; sourceTree = "<group>"; };
		C8AE39101713FD09000D62E8 /* msg.png */ = {isa = PBXFileReference; lastKnownFileType = image.png; path = msg.png; sourceTree = "<group>"; };
		C8AE39111713FD09000D62E8 /* msg@2x.png */ = {isa = PBXFileReference; lastKnownFileType = image.png; path = "msg@2x.png"; sourceTree = "<group>"; };
		C8AE39121713FD09000D62E8 /* nav.png */ = {isa = PBXFileReference; lastKnownFileType = image.png; path = nav.png; sourceTree = "<group>"; };
		C8AE39131713FD09000D62E8 /* nav@2x.png */ = {isa = PBXFileReference; lastKnownFileType = image.png; path = "nav@2x.png"; sourceTree = "<group>"; };
		C8AE39141713FD09000D62E8 /* sharelogo.png */ = {isa = PBXFileReference; lastKnownFileType = image.png; path = sharelogo.png; sourceTree = "<group>"; };
		C8AE39151713FD09000D62E8 /* sharelogo@2x.png */ = {isa = PBXFileReference; lastKnownFileType = image.png; path = "sharelogo@2x.png"; sourceTree = "<group>"; };
		C8AE39161713FD09000D62E8 /* tumblr-h.png */ = {isa = PBXFileReference; lastKnownFileType = image.png; path = "tumblr-h.png"; sourceTree = "<group>"; };
		C8AE39171713FD09000D62E8 /* tumblr-h@2x.png */ = {isa = PBXFileReference; lastKnownFileType = image.png; path = "tumblr-h@2x.png"; sourceTree = "<group>"; };
		C8AE39181713FD09000D62E8 /* tumblr.png */ = {isa = PBXFileReference; lastKnownFileType = image.png; path = tumblr.png; sourceTree = "<group>"; };
		C8AE39191713FD09000D62E8 /* tumblr@2x.png */ = {isa = PBXFileReference; lastKnownFileType = image.png; path = "tumblr@2x.png"; sourceTree = "<group>"; };
		C8AE391A1713FD09000D62E8 /* twitter-h.png */ = {isa = PBXFileReference; lastKnownFileType = image.png; path = "twitter-h.png"; sourceTree = "<group>"; };
		C8AE391B1713FD09000D62E8 /* twitter-h@2x.png */ = {isa = PBXFileReference; lastKnownFileType = image.png; path = "twitter-h@2x.png"; sourceTree = "<group>"; };
		C8AE391C1713FD09000D62E8 /* twitter.png */ = {isa = PBXFileReference; lastKnownFileType = image.png; path = twitter.png; sourceTree = "<group>"; };
		C8AE391D1713FD09000D62E8 /* twitter@2x.png */ = {isa = PBXFileReference; lastKnownFileType = image.png; path = "twitter@2x.png"; sourceTree = "<group>"; };
		C8AE39381714436E000D62E8 /* PreViewController.h */ = {isa = PBXFileReference; fileEncoding = 4; lastKnownFileType = sourcecode.c.h; path = PreViewController.h; sourceTree = "<group>"; };
		C8AE39391714436E000D62E8 /* PreViewController.m */ = {isa = PBXFileReference; fileEncoding = 4; lastKnownFileType = sourcecode.c.objc; path = PreViewController.m; sourceTree = "<group>"; };
		C8C0383016F33C23009A1E80 /* album.png */ = {isa = PBXFileReference; lastKnownFileType = image.png; path = album.png; sourceTree = "<group>"; };
		C8C0383116F33C23009A1E80 /* album@2x.png */ = {isa = PBXFileReference; lastKnownFileType = image.png; path = "album@2x.png"; sourceTree = "<group>"; };
		C8C0383216F33C23009A1E80 /* changecarmer.png */ = {isa = PBXFileReference; lastKnownFileType = image.png; path = changecarmer.png; sourceTree = "<group>"; };
		C8C0383316F33C23009A1E80 /* changecarmer@2x.png */ = {isa = PBXFileReference; lastKnownFileType = image.png; path = "changecarmer@2x.png"; sourceTree = "<group>"; };
		C8C0383416F33C23009A1E80 /* flash.png */ = {isa = PBXFileReference; lastKnownFileType = image.png; path = flash.png; sourceTree = "<group>"; };
		C8C0383516F33C23009A1E80 /* flash@2x.png */ = {isa = PBXFileReference; lastKnownFileType = image.png; path = "flash@2x.png"; sourceTree = "<group>"; };
		C8C0383616F33C23009A1E80 /* hint.png */ = {isa = PBXFileReference; lastKnownFileType = image.png; path = hint.png; sourceTree = "<group>"; };
		C8C0383716F33C23009A1E80 /* hint@2x.png */ = {isa = PBXFileReference; lastKnownFileType = image.png; path = "hint@2x.png"; sourceTree = "<group>"; };
		C8C0383816F33C23009A1E80 /* rihtbg.png */ = {isa = PBXFileReference; lastKnownFileType = image.png; path = rihtbg.png; sourceTree = "<group>"; };
		C8C0383916F33C23009A1E80 /* rihtbg@2x.png */ = {isa = PBXFileReference; lastKnownFileType = image.png; path = "rihtbg@2x.png"; sourceTree = "<group>"; };
		C8C0383A16F33C23009A1E80 /* settings.png */ = {isa = PBXFileReference; lastKnownFileType = image.png; path = settings.png; sourceTree = "<group>"; };
		C8C0383B16F33C23009A1E80 /* settings@2x.png */ = {isa = PBXFileReference; lastKnownFileType = image.png; path = "settings@2x.png"; sourceTree = "<group>"; };
		C8C0383C16F33C23009A1E80 /* shootBTN.png */ = {isa = PBXFileReference; lastKnownFileType = image.png; path = shootBTN.png; sourceTree = "<group>"; };
		C8C0383D16F33C23009A1E80 /* shootBTN@2x.png */ = {isa = PBXFileReference; lastKnownFileType = image.png; path = "shootBTN@2x.png"; sourceTree = "<group>"; };
		C8C03F0E16F7246A00EA401B /* auto.png */ = {isa = PBXFileReference; lastKnownFileType = image.png; path = auto.png; sourceTree = "<group>"; };
		C8C03F0F16F7246A00EA401B /* auto@2x.png */ = {isa = PBXFileReference; lastKnownFileType = image.png; path = "auto@2x.png"; sourceTree = "<group>"; };
		C8C03F1316F7247400EA401B /* flashsettings.png */ = {isa = PBXFileReference; lastKnownFileType = image.png; path = flashsettings.png; sourceTree = "<group>"; };
		C8C03F1416F7247400EA401B /* flashsettings@2x.png */ = {isa = PBXFileReference; lastKnownFileType = image.png; path = "flashsettings@2x.png"; sourceTree = "<group>"; };
		C8C03F1716F7247B00EA401B /* off.png */ = {isa = PBXFileReference; lastKnownFileType = image.png; path = off.png; sourceTree = "<group>"; };
		C8C03F1816F7247B00EA401B /* off@2x.png */ = {isa = PBXFileReference; lastKnownFileType = image.png; path = "off@2x.png"; sourceTree = "<group>"; };
		C8C03F1916F7247B00EA401B /* on.png */ = {isa = PBXFileReference; lastKnownFileType = image.png; path = on.png; sourceTree = "<group>"; };
		C8C03F1A16F7247B00EA401B /* on@2x.png */ = {isa = PBXFileReference; lastKnownFileType = image.png; path = "on@2x.png"; sourceTree = "<group>"; };
		C8C03F1F16F8756D00EA401B /* timeroff.png */ = {isa = PBXFileReference; lastKnownFileType = image.png; path = timeroff.png; sourceTree = "<group>"; };
		C8C03F2016F8756D00EA401B /* timeroff@2x.png */ = {isa = PBXFileReference; lastKnownFileType = image.png; path = "timeroff@2x.png"; sourceTree = "<group>"; };
		C8C03F2116F8756D00EA401B /* timeron.png */ = {isa = PBXFileReference; lastKnownFileType = image.png; path = timeron.png; sourceTree = "<group>"; };
		C8C03F2216F8756D00EA401B /* timeron@2x.png */ = {isa = PBXFileReference; lastKnownFileType = image.png; path = "timeron@2x.png"; sourceTree = "<group>"; };
		C8C03F2316F8756D00EA401B /* timerpoint.png */ = {isa = PBXFileReference; lastKnownFileType = image.png; path = timerpoint.png; sourceTree = "<group>"; };
		C8C03F2416F8756D00EA401B /* timerpoint@2x.png */ = {isa = PBXFileReference; lastKnownFileType = image.png; path = "timerpoint@2x.png"; sourceTree = "<group>"; };
		C8C03F3316F87BD000EA401B /* tm.png */ = {isa = PBXFileReference; lastKnownFileType = image.png; path = tm.png; sourceTree = "<group>"; };
		C8C1A20B1721665500D113BC /* UIPlaceHolderTextView.h */ = {isa = PBXFileReference; fileEncoding = 4; lastKnownFileType = sourcecode.c.h; path = UIPlaceHolderTextView.h; sourceTree = "<group>"; };
		C8C1A20C1721665500D113BC /* UIPlaceHolderTextView.m */ = {isa = PBXFileReference; fileEncoding = 4; lastKnownFileType = sourcecode.c.objc; path = UIPlaceHolderTextView.m; sourceTree = "<group>"; };
		C8C1A20E172168E600D113BC /* shake2.mp3 */ = {isa = PBXFileReference; lastKnownFileType = audio.mp3; path = shake2.mp3; sourceTree = "<group>"; };
		C8C1A20F172168E600D113BC /* shake1.mp3 */ = {isa = PBXFileReference; lastKnownFileType = audio.mp3; path = shake1.mp3; sourceTree = "<group>"; };
		C8C1A210172168E600D113BC /* shake0.mp3 */ = {isa = PBXFileReference; lastKnownFileType = audio.mp3; path = shake0.mp3; sourceTree = "<group>"; };
		C8C73BEF1704460400FF3313 /* VerticallyAlignedLabel.h */ = {isa = PBXFileReference; fileEncoding = 4; lastKnownFileType = sourcecode.c.h; path = VerticallyAlignedLabel.h; sourceTree = "<group>"; };
		C8C73BF01704460400FF3313 /* VerticallyAlignedLabel.m */ = {isa = PBXFileReference; fileEncoding = 4; lastKnownFileType = sourcecode.c.objc; path = VerticallyAlignedLabel.m; sourceTree = "<group>"; };
		C8C73BF317046A0500FF3313 /* emotoPhotoNavigation.h */ = {isa = PBXFileReference; fileEncoding = 4; lastKnownFileType = sourcecode.c.h; path = emotoPhotoNavigation.h; sourceTree = "<group>"; };
		C8C73BF417046A0500FF3313 /* emotoPhotoNavigation.m */ = {isa = PBXFileReference; fileEncoding = 4; lastKnownFileType = sourcecode.c.objc; path = emotoPhotoNavigation.m; sourceTree = "<group>"; };
		C8F86EC317156BDA00C8DB65 /* AudioToolbox.framework */ = {isa = PBXFileReference; lastKnownFileType = wrapper.framework; name = AudioToolbox.framework; path = System/Library/Frameworks/AudioToolbox.framework; sourceTree = SDKROOT; };
		C8F86EC51715889C00C8DB65 /* TumblrUploadr.h */ = {isa = PBXFileReference; fileEncoding = 4; lastKnownFileType = sourcecode.c.h; path = TumblrUploadr.h; sourceTree = "<group>"; };
		C8F86EC61715889D00C8DB65 /* TumblrUploadr.m */ = {isa = PBXFileReference; fileEncoding = 4; lastKnownFileType = sourcecode.c.objc; path = TumblrUploadr.m; sourceTree = "<group>"; };
		C8F86ECB17158A7600C8DB65 /* NSString+URLEncode.h */ = {isa = PBXFileReference; fileEncoding = 4; lastKnownFileType = sourcecode.c.h; path = "NSString+URLEncode.h"; sourceTree = "<group>"; };
		C8F86ECC17158A7600C8DB65 /* NSString+URLEncode.m */ = {isa = PBXFileReference; fileEncoding = 4; lastKnownFileType = sourcecode.c.objc; path = "NSString+URLEncode.m"; sourceTree = "<group>"; };
		C8F86ECE17158B0D00C8DB65 /* NSData+URLEncode.h */ = {isa = PBXFileReference; fileEncoding = 4; lastKnownFileType = sourcecode.c.h; path = "NSData+URLEncode.h"; sourceTree = "<group>"; };
		C8F86ECF17158B0D00C8DB65 /* NSData+URLEncode.m */ = {isa = PBXFileReference; fileEncoding = 4; lastKnownFileType = sourcecode.c.objc; path = "NSData+URLEncode.m"; sourceTree = "<group>"; };
		C8F86ED11716B70B00C8DB65 /* CycleScrollView.h */ = {isa = PBXFileReference; fileEncoding = 4; lastKnownFileType = sourcecode.c.h; path = CycleScrollView.h; sourceTree = "<group>"; };
		C8F86ED21716B70B00C8DB65 /* CycleScrollView.m */ = {isa = PBXFileReference; fileEncoding = 4; lastKnownFileType = sourcecode.c.objc; path = CycleScrollView.m; sourceTree = "<group>"; };
/* End PBXFileReference section */

/* Begin PBXFrameworksBuildPhase section */
		C86FD1FB16D3704000CB4898 /* Frameworks */ = {
			isa = PBXFrameworksBuildPhase;
			buildActionMask = 2147483647;
			files = (
				C8F86EC417156BDA00C8DB65 /* AudioToolbox.framework in Frameworks */,
				C84B4A0D1706C5640041C979 /* MessageUI.framework in Frameworks */,
				C807F10B16F1B8B100364599 /* MediaPlayer.framework in Frameworks */,
				C819A50216D5F4FB00CA2A24 /* Social.framework in Frameworks */,
				C819A50016D5F4EA00CA2A24 /* AdSupport.framework in Frameworks */,
				C819A4FE16D5F4DE00CA2A24 /* Accounts.framework in Frameworks */,
				C819A4EE16D5E3B500CA2A24 /* Twitter.framework in Frameworks */,
				C86FD23716D372DF00CB4898 /* ImageIO.framework in Frameworks */,
				C86FD23516D372DA00CB4898 /* AVFoundation.framework in Frameworks */,
				C86FD23316D372D500CB4898 /* QuartzCore.framework in Frameworks */,
				C86FD23116D372CE00CB4898 /* CoreMedia.framework in Frameworks */,
				C86FD22F16D372C400CB4898 /* CoreVideo.framework in Frameworks */,
				C86FD22D16D372BD00CB4898 /* AssetsLibrary.framework in Frameworks */,
				C86FD20316D3704000CB4898 /* UIKit.framework in Frameworks */,
				C86FD20516D3704000CB4898 /* Foundation.framework in Frameworks */,
				C86FD20716D3704000CB4898 /* CoreGraphics.framework in Frameworks */,
				C819A4F116D5F3E500CA2A24 /* FacebookSDK.framework in Frameworks */,
				6E0F8698EEC0484C9A3F1E30 /* libPods.a in Frameworks */,
			);
			runOnlyForDeploymentPostprocessing = 0;
		};
/* End PBXFrameworksBuildPhase section */

/* Begin PBXGroup section */
		C807F0F916F1B69000364599 /* Source */ = {
			isa = PBXGroup;
			children = (
				C839E477173A3AB000CB0FF0 /* share_iphone4.png */,
				C839E478173A3AB100CB0FF0 /* share_iphone4@2x.png */,
				C839E479173A3AB200CB0FF0 /* share_back_iphone4@2x.png */,
				C839E47A173A3AB300CB0FF0 /* share_back_iphone4.png */,
				C82A1F381738FA9600156E46 /* timer_done_iphone5_on.png */,
				C82A1F391738FA9600156E46 /* timer_done_iphone5_on@2x.png */,
				C82A1F3A1738FA9600156E46 /* timer_done_iphone5.png */,
				C82A1F3B1738FA9600156E46 /* timer_done_iphone5@2x.png */,
				C82A1F361738EE7800156E46 /* orange_juice.ttf */,
				C82A1F041738BD2A00156E46 /* shake3.mp3 */,
				C82A1F051738BD2A00156E46 /* shake4.mp3 */,
				C82A1F061738BD2A00156E46 /* shake5.mp3 */,
				C82A1F071738BD2A00156E46 /* shake6.mp3 */,
				C82A1F081738BD2A00156E46 /* shake7.mp3 */,
				C82A1F091738BD2A00156E46 /* shake8.mp3 */,
				C82A1F0A1738BD2A00156E46 /* shake9.mp3 */,
				C82A1F0B1738BD2A00156E46 /* shake10.mp3 */,
				C82A1F0C1738BD2A00156E46 /* shake11.mp3 */,
				C82A1F0D1738BD2A00156E46 /* shake12.mp3 */,
				C82A1F0E1738BD2A00156E46 /* shake13.mp3 */,
				C82A1F0F1738BD2A00156E46 /* shake14.mp3 */,
				C82A1F101738BD2A00156E46 /* shake15.mp3 */,
				C82A1F111738BD2A00156E46 /* shake16.mp3 */,
				C82A1F121738BD2A00156E46 /* shake17.mp3 */,
				C82A1F131738BD2A00156E46 /* shake18.mp3 */,
				C82A1F141738BD2A00156E46 /* shake19.mp3 */,
				C82A1F151738BD2A00156E46 /* shake20.mp3 */,
				C82A1F161738BD2A00156E46 /* shake21.mp3 */,
				C82A1F171738BD2A00156E46 /* shake22.mp3 */,
				C82A1F181738BD2A00156E46 /* shake23.mp3 */,
				C82A1F191738BD2A00156E46 /* shake24.mp3 */,
				C82A1F1A1738BD2A00156E46 /* shake25.mp3 */,
				C8C1A20E172168E600D113BC /* shake2.mp3 */,
				C8C1A20F172168E600D113BC /* shake1.mp3 */,
				C8C1A210172168E600D113BC /* shake0.mp3 */,
				C88187EF17152B73000FB522 /* goback.png */,
				C88187F017152B73000FB522 /* goback@2x.png */,
				C88187F117152B73000FB522 /* play.png */,
				C88187F217152B73000FB522 /* play@2x.png */,
				C88187ED1715229E000FB522 /* hint.ttf */,
				C8AE39041713FD09000D62E8 /* back.png */,
				C8AE39051713FD09000D62E8 /* back@2x.png */,
				C8AE39061713FD09000D62E8 /* email-h.png */,
				C8AE39071713FD09000D62E8 /* email-h@2x.png */,
				C8AE39081713FD09000D62E8 /* email.png */,
				C8AE39091713FD09000D62E8 /* email@2x.png */,
				C8AE390A1713FD09000D62E8 /* facebook-h.png */,
				C8AE390B1713FD09000D62E8 /* facebook-h@2x.png */,
				C8AE390C1713FD09000D62E8 /* facebook.png */,
				C8AE390D1713FD09000D62E8 /* facebook@2x.png */,
				C8AE390E1713FD09000D62E8 /* go.png */,
				C8AE390F1713FD09000D62E8 /* go@2x.png */,
				C8AE39101713FD09000D62E8 /* msg.png */,
				C8AE39111713FD09000D62E8 /* msg@2x.png */,
				C8AE39121713FD09000D62E8 /* nav.png */,
				C8AE39131713FD09000D62E8 /* nav@2x.png */,
				C8AE39141713FD09000D62E8 /* sharelogo.png */,
				C8AE39151713FD09000D62E8 /* sharelogo@2x.png */,
				C8AE39161713FD09000D62E8 /* tumblr-h.png */,
				C8AE39171713FD09000D62E8 /* tumblr-h@2x.png */,
				C8AE39181713FD09000D62E8 /* tumblr.png */,
				C8AE39191713FD09000D62E8 /* tumblr@2x.png */,
				C8AE391A1713FD09000D62E8 /* twitter-h.png */,
				C8AE391B1713FD09000D62E8 /* twitter-h@2x.png */,
				C8AE391C1713FD09000D62E8 /* twitter.png */,
				C8AE391D1713FD09000D62E8 /* twitter@2x.png */,
				C8C0383016F33C23009A1E80 /* album.png */,
				C8C0383116F33C23009A1E80 /* album@2x.png */,
				C8C0383216F33C23009A1E80 /* changecarmer.png */,
				C8C0383316F33C23009A1E80 /* changecarmer@2x.png */,
				C8C0383416F33C23009A1E80 /* flash.png */,
				C8C0383516F33C23009A1E80 /* flash@2x.png */,
				C8C0383616F33C23009A1E80 /* hint.png */,
				C8C0383716F33C23009A1E80 /* hint@2x.png */,
				C8C0383816F33C23009A1E80 /* rihtbg.png */,
				C8C0383916F33C23009A1E80 /* rihtbg@2x.png */,
				C8C0383A16F33C23009A1E80 /* settings.png */,
				C8C0383B16F33C23009A1E80 /* settings@2x.png */,
				C8C0383C16F33C23009A1E80 /* shootBTN.png */,
				C8C0383D16F33C23009A1E80 /* shootBTN@2x.png */,
				C807F0FF16F1B7C100364599 /* iphone4.mp4 */,
				C807F10016F1B7C100364599 /* iphone5.mp4 */,
				C807F0FB16F1B74500364599 /* 57x57.png */,
				C807F0FC16F1B74500364599 /* 114x114.png */,
				C8C03F0E16F7246A00EA401B /* auto.png */,
				C8C03F0F16F7246A00EA401B /* auto@2x.png */,
				C8C03F1316F7247400EA401B /* flashsettings.png */,
				C8C03F1416F7247400EA401B /* flashsettings@2x.png */,
				C8C03F1716F7247B00EA401B /* off.png */,
				C8C03F1816F7247B00EA401B /* off@2x.png */,
				C8C03F1916F7247B00EA401B /* on.png */,
				C8C03F1A16F7247B00EA401B /* on@2x.png */,
				C8C03F1F16F8756D00EA401B /* timeroff.png */,
				C8C03F2016F8756D00EA401B /* timeroff@2x.png */,
				C8C03F2116F8756D00EA401B /* timeron.png */,
				C8C03F2216F8756D00EA401B /* timeron@2x.png */,
				C8C03F2316F8756D00EA401B /* timerpoint.png */,
				C8C03F2416F8756D00EA401B /* timerpoint@2x.png */,
				C8C03F3316F87BD000EA401B /* tm.png */,
				C839E47F173A4F3E00CB0FF0 /* instagram@2x.png */,
				C839E480173A4F3F00CB0FF0 /* instagram.png */,
				C839E481173A4F4000CB0FF0 /* instagram_on.png */,
				C839E482173A4F4100CB0FF0 /* instagram_on@2x.png */,
			);
			name = Source;
			sourceTree = "<group>";
		};
		C819A50716D605FD00CA2A24 /* SVProgressHUD */ = {
			isa = PBXGroup;
			children = (
				C819A50816D605FD00CA2A24 /* SVProgressHUD.bundle */,
				C819A50916D605FD00CA2A24 /* SVProgressHUD.h */,
				C819A50A16D605FD00CA2A24 /* SVProgressHUD.m */,
			);
			path = SVProgressHUD;
			sourceTree = "<group>";
		};
		C8610B3B17059CD1008462C6 /* DirectionMPMoviePlayerViewController */ = {
			isa = PBXGroup;
			children = (
				C8610B3817059CA8008462C6 /* DirectionMPMoviePlayerViewController.m */,
				C8610B3917059CA8008462C6 /* DirectionMPMoviePlayerViewController.h */,
			);
			name = DirectionMPMoviePlayerViewController;
			sourceTree = "<group>";
		};
		C86FD1F316D3704000CB4898 = {
			isa = PBXGroup;
			children = (
				C8C1A20B1721665500D113BC /* UIPlaceHolderTextView.h */,
				C8C1A20C1721665500D113BC /* UIPlaceHolderTextView.m */,
				C8F86ECE17158B0D00C8DB65 /* NSData+URLEncode.h */,
				C8F86ECF17158B0D00C8DB65 /* NSData+URLEncode.m */,
				C8F86ECB17158A7600C8DB65 /* NSString+URLEncode.h */,
				C8F86ECC17158A7600C8DB65 /* NSString+URLEncode.m */,
				C8F86EC51715889C00C8DB65 /* TumblrUploadr.h */,
				C8F86EC61715889D00C8DB65 /* TumblrUploadr.m */,
				C8610B3B17059CD1008462C6 /* DirectionMPMoviePlayerViewController */,
				C8C73BF21704461400FF3313 /* VerticallyAlignedLabel */,
				C807F0F916F1B69000364599 /* Source */,
				C819A50716D605FD00CA2A24 /* SVProgressHUD */,
				C86FD23C16D3731700CB4898 /* CameraImageHelper */,
				C86FD23816D372FE00CB4898 /* ALAssetsLibrary-CustomPhotoAlbum */,
				C86FD20816D3704000CB4898 /* emoto */,
				C86FD20116D3704000CB4898 /* Frameworks */,
				C86FD1FF16D3704000CB4898 /* Products */,
				A00D85F5DD7243CD846C997E /* Pods.xcconfig */,
			);
			sourceTree = "<group>";
		};
		C86FD1FF16D3704000CB4898 /* Products */ = {
			isa = PBXGroup;
			children = (
				C86FD1FE16D3704000CB4898 /* pixjam.app */,
			);
			name = Products;
			sourceTree = "<group>";
		};
		C86FD20116D3704000CB4898 /* Frameworks */ = {
			isa = PBXGroup;
			children = (
				C8F86EC317156BDA00C8DB65 /* AudioToolbox.framework */,
				C84B4A0C1706C5640041C979 /* MessageUI.framework */,
				C807F10A16F1B8B100364599 /* MediaPlayer.framework */,
				C819A52916D61C6200CA2A24 /* FBUserSettingsViewResources.bundle */,
				C819A50116D5F4FB00CA2A24 /* Social.framework */,
				C819A4FF16D5F4EA00CA2A24 /* AdSupport.framework */,
				C819A4FD16D5F4DE00CA2A24 /* Accounts.framework */,
				C819A4FB16D5F4C300CA2A24 /* FacebookSDKResources.bundle */,
				C819A4F016D5F3E500CA2A24 /* FacebookSDK.framework */,
				C819A4ED16D5E3B500CA2A24 /* Twitter.framework */,
				C86FD23616D372DF00CB4898 /* ImageIO.framework */,
				C86FD23416D372DA00CB4898 /* AVFoundation.framework */,
				C86FD23216D372D500CB4898 /* QuartzCore.framework */,
				C86FD23016D372CE00CB4898 /* CoreMedia.framework */,
				C86FD22E16D372C400CB4898 /* CoreVideo.framework */,
				C86FD22C16D372BD00CB4898 /* AssetsLibrary.framework */,
				C86FD20216D3704000CB4898 /* UIKit.framework */,
				C86FD20416D3704000CB4898 /* Foundation.framework */,
				C86FD20616D3704000CB4898 /* CoreGraphics.framework */,
				3F3D34ACD2F74548A92E2C69 /* libPods.a */,
			);
			name = Frameworks;
			sourceTree = "<group>";
		};
		C86FD20816D3704000CB4898 /* emoto */ = {
			isa = PBXGroup;
			children = (
				C8F86ED11716B70B00C8DB65 /* CycleScrollView.h */,
				C8F86ED21716B70B00C8DB65 /* CycleScrollView.m */,
				C8722AEE16FC6A6B000FD6F1 /* action.plist */,
				C86FD21116D3704000CB4898 /* emotoAppDelegate.h */,
				C86FD21216D3704000CB4898 /* emotoAppDelegate.m */,
				C86FD21A16D3704000CB4898 /* MainStoryboard.storyboard */,
				C8C73BF317046A0500FF3313 /* emotoPhotoNavigation.h */,
				C8C73BF417046A0500FF3313 /* emotoPhotoNavigation.m */,
				C819A52B16D61E6800CA2A24 /* facebookLoginViewController.h */,
				C819A52C16D61E6800CA2A24 /* facebookLoginViewController.m */,
				C86FD21D16D3704000CB4898 /* emotoViewController.h */,
				C86FD21E16D3704000CB4898 /* emotoViewController.m */,
				C86FD22916D3728800CB4898 /* PhotoViewController.h */,
				C86FD22A16D3728800CB4898 /* PhotoViewController.m */,
				C8AE39381714436E000D62E8 /* PreViewController.h */,
				C8AE39391714436E000D62E8 /* PreViewController.m */,
				C86FD20916D3704000CB4898 /* Supporting Files */,
			);
			path = emoto;
			sourceTree = "<group>";
		};
		C86FD20916D3704000CB4898 /* Supporting Files */ = {
			isa = PBXGroup;
			children = (
				C86FD20A16D3704000CB4898 /* emoto-Info.plist */,
				C86FD20B16D3704000CB4898 /* InfoPlist.strings */,
				C86FD20E16D3704000CB4898 /* main.m */,
				C86FD21016D3704000CB4898 /* emoto-Prefix.pch */,
				C86FD21416D3704000CB4898 /* Default.png */,
				C86FD21616D3704000CB4898 /* Default@2x.png */,
				C86FD21816D3704000CB4898 /* Default-568h@2x.png */,
			);
			name = "Supporting Files";
			sourceTree = "<group>";
		};
		C86FD23816D372FE00CB4898 /* ALAssetsLibrary-CustomPhotoAlbum */ = {
			isa = PBXGroup;
			children = (
				C86FD23916D372FE00CB4898 /* ALAssetsLibrary+CustomPhotoAlbum.h */,
				C86FD23A16D372FE00CB4898 /* ALAssetsLibrary+CustomPhotoAlbum.m */,
			);
			path = "ALAssetsLibrary-CustomPhotoAlbum";
			sourceTree = "<group>";
		};
		C86FD23C16D3731700CB4898 /* CameraImageHelper */ = {
			isa = PBXGroup;
			children = (
				C86FD23D16D3732F00CB4898 /* CameraImageHelper.h */,
				C86FD23E16D3732F00CB4898 /* CameraImageHelper.m */,
			);
			name = CameraImageHelper;
			sourceTree = "<group>";
		};
		C8C73BF21704461400FF3313 /* VerticallyAlignedLabel */ = {
			isa = PBXGroup;
			children = (
				C8C73BEF1704460400FF3313 /* VerticallyAlignedLabel.h */,
				C8C73BF01704460400FF3313 /* VerticallyAlignedLabel.m */,
			);
			name = VerticallyAlignedLabel;
			sourceTree = "<group>";
		};
/* End PBXGroup section */

/* Begin PBXNativeTarget section */
		C86FD1FD16D3704000CB4898 /* pixjam */ = {
			isa = PBXNativeTarget;
			buildConfigurationList = C86FD22216D3704000CB4898 /* Build configuration list for PBXNativeTarget "pixjam" */;
			buildPhases = (
				C86FD1FA16D3704000CB4898 /* Sources */,
				C86FD1FB16D3704000CB4898 /* Frameworks */,
				C86FD1FC16D3704000CB4898 /* Resources */,
				6E9E8E4FB3F14A0CBB97E932 /* Copy Pods Resources */,
			);
			buildRules = (
			);
			dependencies = (
			);
			name = pixjam;
			productName = emoto;
			productReference = C86FD1FE16D3704000CB4898 /* pixjam.app */;
			productType = "com.apple.product-type.application";
		};
/* End PBXNativeTarget section */

/* Begin PBXProject section */
		C86FD1F516D3704000CB4898 /* Project object */ = {
			isa = PBXProject;
			attributes = {
				CLASSPREFIX = emoto;
				LastUpgradeCheck = 0450;
				ORGANIZATIONNAME = emoto;
			};
			buildConfigurationList = C86FD1F816D3704000CB4898 /* Build configuration list for PBXProject "emoto" */;
			compatibilityVersion = "Xcode 3.2";
			developmentRegion = English;
			hasScannedForEncodings = 0;
			knownRegions = (
				en,
			);
			mainGroup = C86FD1F316D3704000CB4898;
			productRefGroup = C86FD1FF16D3704000CB4898 /* Products */;
			projectDirPath = "";
			projectRoot = "";
			targets = (
				C86FD1FD16D3704000CB4898 /* pixjam */,
			);
		};
/* End PBXProject section */

/* Begin PBXResourcesBuildPhase section */
		C86FD1FC16D3704000CB4898 /* Resources */ = {
			isa = PBXResourcesBuildPhase;
			buildActionMask = 2147483647;
			files = (
				C86FD20D16D3704000CB4898 /* InfoPlist.strings in Resources */,
				C86FD21516D3704000CB4898 /* Default.png in Resources */,
				C86FD21716D3704000CB4898 /* Default@2x.png in Resources */,
				C86FD21916D3704000CB4898 /* Default-568h@2x.png in Resources */,
				C86FD21C16D3704000CB4898 /* MainStoryboard.storyboard in Resources */,
				C819A4FC16D5F4C300CA2A24 /* FacebookSDKResources.bundle in Resources */,
				C819A50B16D605FD00CA2A24 /* SVProgressHUD.bundle in Resources */,
				C819A52A16D61C6200CA2A24 /* FBUserSettingsViewResources.bundle in Resources */,
				C807F0FD16F1B74500364599 /* 57x57.png in Resources */,
				C807F0FE16F1B74500364599 /* 114x114.png in Resources */,
				C807F10116F1B7C100364599 /* iphone4.mp4 in Resources */,
				C807F10216F1B7C100364599 /* iphone5.mp4 in Resources */,
				C8C0383E16F33C23009A1E80 /* album.png in Resources */,
				C8C0383F16F33C23009A1E80 /* album@2x.png in Resources */,
				C8C0384016F33C23009A1E80 /* changecarmer.png in Resources */,
				C8C0384116F33C23009A1E80 /* changecarmer@2x.png in Resources */,
				C8C0384216F33C23009A1E80 /* flash.png in Resources */,
				C8C0384316F33C23009A1E80 /* flash@2x.png in Resources */,
				C8C0384416F33C23009A1E80 /* hint.png in Resources */,
				C8C0384516F33C23009A1E80 /* hint@2x.png in Resources */,
				C8C0384616F33C23009A1E80 /* rihtbg.png in Resources */,
				C8C0384716F33C23009A1E80 /* rihtbg@2x.png in Resources */,
				C8C0384816F33C23009A1E80 /* settings.png in Resources */,
				C8C0384916F33C23009A1E80 /* settings@2x.png in Resources */,
				C8C0384A16F33C23009A1E80 /* shootBTN.png in Resources */,
				C8C0384B16F33C23009A1E80 /* shootBTN@2x.png in Resources */,
				C8C03F1016F7246A00EA401B /* auto.png in Resources */,
				C8C03F1116F7246A00EA401B /* auto@2x.png in Resources */,
				C8C03F1516F7247400EA401B /* flashsettings.png in Resources */,
				C8C03F1616F7247400EA401B /* flashsettings@2x.png in Resources */,
				C8C03F1B16F7247B00EA401B /* off.png in Resources */,
				C8C03F1C16F7247B00EA401B /* off@2x.png in Resources */,
				C8C03F1D16F7247B00EA401B /* on.png in Resources */,
				C8C03F1E16F7247B00EA401B /* on@2x.png in Resources */,
				C8C03F2516F8756D00EA401B /* timeroff.png in Resources */,
				C8C03F2616F8756D00EA401B /* timeroff@2x.png in Resources */,
				C8C03F2716F8756D00EA401B /* timeron.png in Resources */,
				C8C03F2816F8756D00EA401B /* timeron@2x.png in Resources */,
				C8C03F2916F8756D00EA401B /* timerpoint.png in Resources */,
				C8C03F2A16F8756D00EA401B /* timerpoint@2x.png in Resources */,
				C8C03F3416F87BD000EA401B /* tm.png in Resources */,
				C8722AEF16FC6A6B000FD6F1 /* action.plist in Resources */,
				C8AE391E1713FD09000D62E8 /* back.png in Resources */,
				C8AE391F1713FD09000D62E8 /* back@2x.png in Resources */,
				C8AE39201713FD09000D62E8 /* email-h.png in Resources */,
				C8AE39211713FD09000D62E8 /* email-h@2x.png in Resources */,
				C8AE39221713FD09000D62E8 /* email.png in Resources */,
				C8AE39231713FD09000D62E8 /* email@2x.png in Resources */,
				C8AE39241713FD09000D62E8 /* facebook-h.png in Resources */,
				C8AE39251713FD09000D62E8 /* facebook-h@2x.png in Resources */,
				C8AE39261713FD09000D62E8 /* facebook.png in Resources */,
				C8AE39271713FD09000D62E8 /* facebook@2x.png in Resources */,
				C8AE39281713FD09000D62E8 /* go.png in Resources */,
				C8AE39291713FD09000D62E8 /* go@2x.png in Resources */,
				C8AE392A1713FD09000D62E8 /* msg.png in Resources */,
				C8AE392B1713FD09000D62E8 /* msg@2x.png in Resources */,
				C8AE392C1713FD09000D62E8 /* nav.png in Resources */,
				C8AE392D1713FD09000D62E8 /* nav@2x.png in Resources */,
				C8AE392E1713FD09000D62E8 /* sharelogo.png in Resources */,
				C8AE392F1713FD09000D62E8 /* sharelogo@2x.png in Resources */,
				C8AE39301713FD09000D62E8 /* tumblr-h.png in Resources */,
				C8AE39311713FD09000D62E8 /* tumblr-h@2x.png in Resources */,
				C8AE39321713FD09000D62E8 /* tumblr.png in Resources */,
				C8AE39331713FD09000D62E8 /* tumblr@2x.png in Resources */,
				C8AE39341713FD09000D62E8 /* twitter-h.png in Resources */,
				C8AE39351713FD09000D62E8 /* twitter-h@2x.png in Resources */,
				C8AE39361713FD09000D62E8 /* twitter.png in Resources */,
				C8AE39371713FD09000D62E8 /* twitter@2x.png in Resources */,
				C88187EE1715229E000FB522 /* hint.ttf in Resources */,
				C88187F317152B73000FB522 /* goback.png in Resources */,
				C88187F417152B73000FB522 /* goback@2x.png in Resources */,
				C88187F517152B73000FB522 /* play.png in Resources */,
				C88187F617152B73000FB522 /* play@2x.png in Resources */,
				C8C1A211172168E600D113BC /* shake2.mp3 in Resources */,
				C8C1A212172168E600D113BC /* shake1.mp3 in Resources */,
				C8C1A213172168E600D113BC /* shake0.mp3 in Resources */,
				C82A1F1B1738BD2A00156E46 /* shake3.mp3 in Resources */,
				C82A1F1C1738BD2A00156E46 /* shake4.mp3 in Resources */,
				C82A1F1D1738BD2A00156E46 /* shake5.mp3 in Resources */,
				C82A1F1E1738BD2A00156E46 /* shake6.mp3 in Resources */,
				C82A1F1F1738BD2A00156E46 /* shake7.mp3 in Resources */,
				C82A1F201738BD2A00156E46 /* shake8.mp3 in Resources */,
				C82A1F211738BD2A00156E46 /* shake9.mp3 in Resources */,
				C82A1F221738BD2A00156E46 /* shake10.mp3 in Resources */,
				C82A1F231738BD2A00156E46 /* shake11.mp3 in Resources */,
				C82A1F241738BD2A00156E46 /* shake12.mp3 in Resources */,
				C82A1F251738BD2A00156E46 /* shake13.mp3 in Resources */,
				C82A1F261738BD2A00156E46 /* shake14.mp3 in Resources */,
				C82A1F271738BD2A00156E46 /* shake15.mp3 in Resources */,
				C82A1F281738BD2A00156E46 /* shake16.mp3 in Resources */,
				C82A1F291738BD2A00156E46 /* shake17.mp3 in Resources */,
				C82A1F2A1738BD2A00156E46 /* shake18.mp3 in Resources */,
				C82A1F2B1738BD2A00156E46 /* shake19.mp3 in Resources */,
				C82A1F2C1738BD2A00156E46 /* shake20.mp3 in Resources */,
				C82A1F2D1738BD2A00156E46 /* shake21.mp3 in Resources */,
				C82A1F2E1738BD2A00156E46 /* shake22.mp3 in Resources */,
				C82A1F2F1738BD2A00156E46 /* shake23.mp3 in Resources */,
				C82A1F301738BD2A00156E46 /* shake24.mp3 in Resources */,
				C82A1F311738BD2A00156E46 /* shake25.mp3 in Resources */,
				C82A1F371738EE7800156E46 /* orange_juice.ttf in Resources */,
				C82A1F3C1738FA9600156E46 /* timer_done_iphone5_on.png in Resources */,
				C82A1F3D1738FA9600156E46 /* timer_done_iphone5_on@2x.png in Resources */,
				C82A1F3E1738FA9600156E46 /* timer_done_iphone5.png in Resources */,
				C82A1F3F1738FA9600156E46 /* timer_done_iphone5@2x.png in Resources */,
				C839E47B173A3AB400CB0FF0 /* share_iphone4.png in Resources */,
				C839E47C173A3AB400CB0FF0 /* share_iphone4@2x.png in Resources */,
				C839E47D173A3AB400CB0FF0 /* share_back_iphone4@2x.png in Resources */,
				C839E47E173A3AB400CB0FF0 /* share_back_iphone4.png in Resources */,
				C839E483173A4F4200CB0FF0 /* instagram@2x.png in Resources */,
				C839E484173A4F4200CB0FF0 /* instagram.png in Resources */,
				C839E485173A4F4200CB0FF0 /* instagram_on.png in Resources */,
				C839E486173A4F4200CB0FF0 /* instagram_on@2x.png in Resources */,
			);
			runOnlyForDeploymentPostprocessing = 0;
		};
/* End PBXResourcesBuildPhase section */

/* Begin PBXShellScriptBuildPhase section */
		6E9E8E4FB3F14A0CBB97E932 /* Copy Pods Resources */ = {
			isa = PBXShellScriptBuildPhase;
			buildActionMask = 2147483647;
			files = (
			);
			inputPaths = (
			);
			name = "Copy Pods Resources";
			outputPaths = (
			);
			runOnlyForDeploymentPostprocessing = 0;
			shellPath = /bin/sh;
			shellScript = "\"${SRCROOT}/Pods/Pods-resources.sh\"\n";
		};
/* End PBXShellScriptBuildPhase section */

/* Begin PBXSourcesBuildPhase section */
		C86FD1FA16D3704000CB4898 /* Sources */ = {
			isa = PBXSourcesBuildPhase;
			buildActionMask = 2147483647;
			files = (
				C86FD20F16D3704000CB4898 /* main.m in Sources */,
				C86FD21316D3704000CB4898 /* emotoAppDelegate.m in Sources */,
				C86FD21F16D3704000CB4898 /* emotoViewController.m in Sources */,
				C86FD22B16D3728800CB4898 /* PhotoViewController.m in Sources */,
				C86FD23B16D372FE00CB4898 /* ALAssetsLibrary+CustomPhotoAlbum.m in Sources */,
				C86FD23F16D3732F00CB4898 /* CameraImageHelper.m in Sources */,
				C819A50C16D605FD00CA2A24 /* SVProgressHUD.m in Sources */,
				C819A52D16D61E6900CA2A24 /* facebookLoginViewController.m in Sources */,
				C8C73BF11704460500FF3313 /* VerticallyAlignedLabel.m in Sources */,
				C8C73BF517046A0500FF3313 /* emotoPhotoNavigation.m in Sources */,
				C8610B3A17059CA8008462C6 /* DirectionMPMoviePlayerViewController.m in Sources */,
				C8AE393A1714436F000D62E8 /* PreViewController.m in Sources */,
				C8F86EC71715889D00C8DB65 /* TumblrUploadr.m in Sources */,
				C8F86ECD17158A7600C8DB65 /* NSString+URLEncode.m in Sources */,
				C8F86ED017158B0D00C8DB65 /* NSData+URLEncode.m in Sources */,
				C8F86ED31716B70C00C8DB65 /* CycleScrollView.m in Sources */,
				C8C1A20D1721665500D113BC /* UIPlaceHolderTextView.m in Sources */,
			);
			runOnlyForDeploymentPostprocessing = 0;
		};
/* End PBXSourcesBuildPhase section */

/* Begin PBXVariantGroup section */
		C86FD20B16D3704000CB4898 /* InfoPlist.strings */ = {
			isa = PBXVariantGroup;
			children = (
				C86FD20C16D3704000CB4898 /* en */,
			);
			name = InfoPlist.strings;
			sourceTree = "<group>";
		};
		C86FD21A16D3704000CB4898 /* MainStoryboard.storyboard */ = {
			isa = PBXVariantGroup;
			children = (
				C86FD21B16D3704000CB4898 /* en */,
			);
			name = MainStoryboard.storyboard;
			sourceTree = "<group>";
		};
/* End PBXVariantGroup section */

/* Begin XCBuildConfiguration section */
		C86FD22016D3704000CB4898 /* Debug */ = {
			isa = XCBuildConfiguration;
			buildSettings = {
				ALWAYS_SEARCH_USER_PATHS = NO;
				CLANG_CXX_LANGUAGE_STANDARD = "gnu++0x";
				CLANG_CXX_LIBRARY = "libc++";
				CLANG_ENABLE_OBJC_ARC = YES;
				CLANG_WARN_EMPTY_BODY = YES;
				CLANG_WARN__DUPLICATE_METHOD_MATCH = YES;
				"CODE_SIGN_IDENTITY[sdk=iphoneos*]" = "iPhone Developer";
				COPY_PHASE_STRIP = NO;
				GCC_C_LANGUAGE_STANDARD = gnu99;
				GCC_DYNAMIC_NO_PIC = NO;
				GCC_OPTIMIZATION_LEVEL = 0;
				GCC_PREPROCESSOR_DEFINITIONS = (
					"DEBUG=1",
					"$(inherited)",
				);
				GCC_SYMBOLS_PRIVATE_EXTERN = NO;
				GCC_WARN_ABOUT_RETURN_TYPE = YES;
				GCC_WARN_UNINITIALIZED_AUTOS = YES;
				GCC_WARN_UNUSED_VARIABLE = YES;
				IPHONEOS_DEPLOYMENT_TARGET = 6.0;
				ONLY_ACTIVE_ARCH = YES;
				SDKROOT = iphoneos;
			};
			name = Debug;
		};
		C86FD22116D3704000CB4898 /* Release */ = {
			isa = XCBuildConfiguration;
			buildSettings = {
				ALWAYS_SEARCH_USER_PATHS = NO;
				CLANG_CXX_LANGUAGE_STANDARD = "gnu++0x";
				CLANG_CXX_LIBRARY = "libc++";
				CLANG_ENABLE_OBJC_ARC = YES;
				CLANG_WARN_EMPTY_BODY = YES;
				CLANG_WARN__DUPLICATE_METHOD_MATCH = YES;
				"CODE_SIGN_IDENTITY[sdk=iphoneos*]" = "iPhone Developer";
				COPY_PHASE_STRIP = YES;
				GCC_C_LANGUAGE_STANDARD = gnu99;
				GCC_WARN_ABOUT_RETURN_TYPE = YES;
				GCC_WARN_UNINITIALIZED_AUTOS = YES;
				GCC_WARN_UNUSED_VARIABLE = YES;
				IPHONEOS_DEPLOYMENT_TARGET = 6.0;
				OTHER_CFLAGS = "-DNS_BLOCK_ASSERTIONS=1";
				SDKROOT = iphoneos;
				VALIDATE_PRODUCT = YES;
			};
			name = Release;
		};
		C86FD22316D3704000CB4898 /* Debug */ = {
			isa = XCBuildConfiguration;
			baseConfigurationReference = A00D85F5DD7243CD846C997E /* Pods.xcconfig */;
			buildSettings = {
				CODE_SIGN_IDENTITY = "iPhone Developer: nan cheng (S7ZU5ADZVY)";
				"CODE_SIGN_IDENTITY[sdk=iphoneos*]" = "iPhone Developer: nan cheng (S7ZU5ADZVY)";
				FRAMEWORK_SEARCH_PATHS = (
					"$(inherited)",
					"\"$(SRCROOT)\"",
				);
				GCC_PRECOMPILE_PREFIX_HEADER = YES;
				GCC_PREFIX_HEADER = "emoto/emoto-Prefix.pch";
				INFOPLIST_FILE = "emoto/emoto-Info.plist";
				IPHONEOS_DEPLOYMENT_TARGET = 5.0;
				OTHER_LDFLAGS = (
					"-ObjC",
					"-lsqlite3.0",
				);
				PRODUCT_NAME = "$(TARGET_NAME)";
				PROVISIONING_PROFILE = "3A702FFB-161B-40E2-A828-12C316A909E9";
				"PROVISIONING_PROFILE[sdk=iphoneos*]" = "3A702FFB-161B-40E2-A828-12C316A909E9";
				WRAPPER_EXTENSION = app;
			};
			name = Debug;
		};
		C86FD22416D3704000CB4898 /* Release */ = {
			isa = XCBuildConfiguration;
			baseConfigurationReference = A00D85F5DD7243CD846C997E /* Pods.xcconfig */;
			buildSettings = {
				CODE_SIGN_IDENTITY = "iPhone Developer: nan cheng (S7ZU5ADZVY)";
				"CODE_SIGN_IDENTITY[sdk=iphoneos*]" = "iPhone Developer: nan cheng (S7ZU5ADZVY)";
				FRAMEWORK_SEARCH_PATHS = (
					"$(inherited)",
					"\"$(SRCROOT)\"",
				);
				GCC_PRECOMPILE_PREFIX_HEADER = YES;
				GCC_PREFIX_HEADER = "emoto/emoto-Prefix.pch";
				INFOPLIST_FILE = "emoto/emoto-Info.plist";
				IPHONEOS_DEPLOYMENT_TARGET = 5.0;
				OTHER_LDFLAGS = (
					"-ObjC",
					"-lsqlite3.0",
				);
				PRODUCT_NAME = "$(TARGET_NAME)";
				PROVISIONING_PROFILE = "3A702FFB-161B-40E2-A828-12C316A909E9";
				"PROVISIONING_PROFILE[sdk=iphoneos*]" = "3A702FFB-161B-40E2-A828-12C316A909E9";
				WRAPPER_EXTENSION = app;
			};
			name = Release;
		};
/* End XCBuildConfiguration section */

/* Begin XCConfigurationList section */
		C86FD1F816D3704000CB4898 /* Build configuration list for PBXProject "emoto" */ = {
			isa = XCConfigurationList;
			buildConfigurations = (
				C86FD22016D3704000CB4898 /* Debug */,
				C86FD22116D3704000CB4898 /* Release */,
			);
			defaultConfigurationIsVisible = 0;
			defaultConfigurationName = Release;
		};
		C86FD22216D3704000CB4898 /* Build configuration list for PBXNativeTarget "pixjam" */ = {
			isa = XCConfigurationList;
			buildConfigurations = (
				C86FD22316D3704000CB4898 /* Debug */,
				C86FD22416D3704000CB4898 /* Release */,
			);
			defaultConfigurationIsVisible = 0;
			defaultConfigurationName = Release;
		};
/* End XCConfigurationList section */
	};
	rootObject = C86FD1F516D3704000CB4898 /* Project object */;
}
